// !$*UTF8*$!
{
	archiveVersion = 1;
	classes = {
	};
	objectVersion = 46;
	objects = {

/* Begin PBXAggregateTarget section */
		0AE3F99F1257D153000C2097 /* IPA */ = {
			isa = PBXAggregateTarget;
			buildConfigurationList = 0AE3F9B11257D18B000C2097 /* Build configuration list for PBXAggregateTarget "IPA" */;
			buildPhases = (
				0AE3F99E1257D153000C2097 /* ShellScript */,
			);
			dependencies = (
				0AE3F9C31257D4AF000C2097 /* PBXTargetDependency */,
			);
			name = IPA;
			productName = IPA;
		};
/* End PBXAggregateTarget section */

/* Begin PBXBuildFile section */
		0A184CFE1265113200972013 /* web_content in Resources */ = {isa = PBXBuildFile; fileRef = 0AE3EF1E1257C67B000C2097 /* web_content */; };
		1D60589F0D05DD5A006BFB54 /* Foundation.framework in Frameworks */ = {isa = PBXBuildFile; fileRef = 1D30AB110D05D00D00671497 /* Foundation.framework */; };
		1DF5F4E00D08C38300B7A737 /* UIKit.framework in Frameworks */ = {isa = PBXBuildFile; fileRef = 1DF5F4DF0D08C38300B7A737 /* UIKit.framework */; settings = {ATTRIBUTES = (Weak, ); }; };
		288765FD0DF74451002DB57D /* CoreGraphics.framework in Frameworks */ = {isa = PBXBuildFile; fileRef = 288765FC0DF74451002DB57D /* CoreGraphics.framework */; };
		763F93D72173C371005E6A58 /* Images.xcassets in Resources */ = {isa = PBXBuildFile; fileRef = 763F93D62173C371005E6A58 /* Images.xcassets */; };
		764A07EF218E18B200F4DE22 /* BookmarksTableController.swift in Sources */ = {isa = PBXBuildFile; fileRef = 764A07EE218E18B200F4DE22 /* BookmarksTableController.swift */; };
		764A07F1218E2BD500F4DE22 /* BookmarksControllerDelegate.swift in Sources */ = {isa = PBXBuildFile; fileRef = 764A07F0218E2BD500F4DE22 /* BookmarksControllerDelegate.swift */; };
		764A07F3218E47E900F4DE22 /* MainViewController.swift in Sources */ = {isa = PBXBuildFile; fileRef = 764A07F2218E47E900F4DE22 /* MainViewController.swift */; };
		764A07F5218E95DF00F4DE22 /* Constants.swift in Sources */ = {isa = PBXBuildFile; fileRef = 764A07F4218E95DF00F4DE22 /* Constants.swift */; };
		764A07F7218EADAC00F4DE22 /* SearchViewController.swift in Sources */ = {isa = PBXBuildFile; fileRef = 764A07F6218EADAC00F4DE22 /* SearchViewController.swift */; };
		765676B822DD69C00079ADD0 /* MessageUI.framework in Frameworks */ = {isa = PBXBuildFile; fileRef = 765676B722DD69710079ADD0 /* MessageUI.framework */; };
		766F078B216EF036003340F9 /* Main.storyboard in Resources */ = {isa = PBXBuildFile; fileRef = 766F078A216EF036003340F9 /* Main.storyboard */; };
		7675BE95218D1B8500B53D26 /* LocalBookmark.swift in Sources */ = {isa = PBXBuildFile; fileRef = 7675BE94218D1B8500B53D26 /* LocalBookmark.swift */; };
		7675BE97218D291000B53D26 /* AppDelegate.swift in Sources */ = {isa = PBXBuildFile; fileRef = 7675BE96218D291000B53D26 /* AppDelegate.swift */; };
		7675BE99218D2F6E00B53D26 /* WKWebViewExtension.swift in Sources */ = {isa = PBXBuildFile; fileRef = 7675BE98218D2F6E00B53D26 /* WKWebViewExtension.swift */; };
		7675BE9B218D310300B53D26 /* AboutViewController.swift in Sources */ = {isa = PBXBuildFile; fileRef = 7675BE9A218D310300B53D26 /* AboutViewController.swift */; };
		7675BE9D218D3D7500B53D26 /* SettingsViewController.swift in Sources */ = {isa = PBXBuildFile; fileRef = 7675BE9C218D3D7500B53D26 /* SettingsViewController.swift */; };
		7675BE9F218D48BF00B53D26 /* BookmarksManager.swift in Sources */ = {isa = PBXBuildFile; fileRef = 7675BE9E218D48BF00B53D26 /* BookmarksManager.swift */; };
		7688F62D218BF84000DAA890 /* DefaultBookmarks.plist in Resources */ = {isa = PBXBuildFile; fileRef = 7688F60F218BF83E00DAA890 /* DefaultBookmarks.plist */; };
		7688F64E218BFDC400DAA890 /* ThemeManager.swift in Sources */ = {isa = PBXBuildFile; fileRef = 7688F64D218BFDC400DAA890 /* ThemeManager.swift */; };
		7688F650218C067100DAA890 /* TextSizeViewController.swift in Sources */ = {isa = PBXBuildFile; fileRef = 7688F64F218C067100DAA890 /* TextSizeViewController.swift */; };
		7691B8CA216C5E31008B97A1 /* Launch Screen.storyboard in Resources */ = {isa = PBXBuildFile; fileRef = 7691B8C9216C5E31008B97A1 /* Launch Screen.storyboard */; };
		76CE7E39218F4D8300D2C18C /* SearchViewDelegate.swift in Sources */ = {isa = PBXBuildFile; fileRef = 76CE7E38218F4D8300D2C18C /* SearchViewDelegate.swift */; };
		76CE7E3C218FD7F200D2C18C /* SearchEngine.m in Sources */ = {isa = PBXBuildFile; fileRef = 76CE7E3A218FD7F200D2C18C /* SearchEngine.m */; };
		D736521F1F0606CB000212C7 /* pages.db in Resources */ = {isa = PBXBuildFile; fileRef = D736521E1F0606CB000212C7 /* pages.db */; };
		D73E9C461EE7B198008079E9 /* WebKit.framework in Frameworks */ = {isa = PBXBuildFile; fileRef = D73E9C451EE7B198008079E9 /* WebKit.framework */; };
		D77E8D52177D4436006C8C0D /* Default-568h@2x.png in Resources */ = {isa = PBXBuildFile; fileRef = D77E8D51177D4436006C8C0D /* Default-568h@2x.png */; };
		D7A4C5B11F00B5C500A53C9D /* libsqlite3.tbd in Frameworks */ = {isa = PBXBuildFile; fileRef = D7A4C5B01F00B5C500A53C9D /* libsqlite3.tbd */; };
		D7DD89AC1B49CC0800DF13C4 /* iTunesArtwork@2x in Resources */ = {isa = PBXBuildFile; fileRef = D7DD89AB1B49CC0800DF13C4 /* iTunesArtwork@2x */; };
/* End PBXBuildFile section */

/* Begin PBXContainerItemProxy section */
		0AE3F9C21257D4AF000C2097 /* PBXContainerItemProxy */ = {
			isa = PBXContainerItemProxy;
			containerPortal = 29B97313FDCFA39411CA2CEA /* Project object */;
			proxyType = 1;
			remoteGlobalIDString = 1D6058900D05DD3D006BFB54;
			remoteInfo = "AccessToInsight-Universal";
		};
/* End PBXContainerItemProxy section */

/* Begin PBXFileReference section */
		0AE3EF1E1257C67B000C2097 /* web_content */ = {isa = PBXFileReference; lastKnownFileType = folder; path = web_content; sourceTree = "<group>"; };
		0AE3F9B21257D1AE000C2097 /* iTunesArtwork */ = {isa = PBXFileReference; lastKnownFileType = file; path = iTunesArtwork; sourceTree = "<group>"; };
		1D30AB110D05D00D00671497 /* Foundation.framework */ = {isa = PBXFileReference; lastKnownFileType = wrapper.framework; name = Foundation.framework; path = System/Library/Frameworks/Foundation.framework; sourceTree = SDKROOT; };
		1D6058910D05DD3D006BFB54 /* AccessToInsight.app */ = {isa = PBXFileReference; explicitFileType = wrapper.application; includeInIndex = 0; path = AccessToInsight.app; sourceTree = BUILT_PRODUCTS_DIR; };
		1DF5F4DF0D08C38300B7A737 /* UIKit.framework */ = {isa = PBXFileReference; lastKnownFileType = wrapper.framework; name = UIKit.framework; path = System/Library/Frameworks/UIKit.framework; sourceTree = SDKROOT; };
		288765FC0DF74451002DB57D /* CoreGraphics.framework */ = {isa = PBXFileReference; lastKnownFileType = wrapper.framework; name = CoreGraphics.framework; path = System/Library/Frameworks/CoreGraphics.framework; sourceTree = SDKROOT; };
		32CA4F630368D1EE00C91783 /* AccessToInsight_Universal_Prefix.pch */ = {isa = PBXFileReference; fileEncoding = 4; lastKnownFileType = sourcecode.c.h; path = AccessToInsight_Universal_Prefix.pch; sourceTree = "<group>"; };
		763F93D62173C371005E6A58 /* Images.xcassets */ = {isa = PBXFileReference; lastKnownFileType = folder.assetcatalog; path = Images.xcassets; sourceTree = "<group>"; };
		764A07EE218E18B200F4DE22 /* BookmarksTableController.swift */ = {isa = PBXFileReference; lastKnownFileType = sourcecode.swift; name = BookmarksTableController.swift; path = Source/BookmarksTableController.swift; sourceTree = "<group>"; };
		764A07F0218E2BD500F4DE22 /* BookmarksControllerDelegate.swift */ = {isa = PBXFileReference; lastKnownFileType = sourcecode.swift; name = BookmarksControllerDelegate.swift; path = Source/BookmarksControllerDelegate.swift; sourceTree = "<group>"; };
		764A07F2218E47E900F4DE22 /* MainViewController.swift */ = {isa = PBXFileReference; lastKnownFileType = sourcecode.swift; name = MainViewController.swift; path = Source/MainViewController.swift; sourceTree = "<group>"; };
		764A07F4218E95DF00F4DE22 /* Constants.swift */ = {isa = PBXFileReference; lastKnownFileType = sourcecode.swift; name = Constants.swift; path = Source/Constants.swift; sourceTree = "<group>"; };
		764A07F6218EADAC00F4DE22 /* SearchViewController.swift */ = {isa = PBXFileReference; lastKnownFileType = sourcecode.swift; name = SearchViewController.swift; path = Source/SearchViewController.swift; sourceTree = "<group>"; };
		765676B722DD69710079ADD0 /* MessageUI.framework */ = {isa = PBXFileReference; lastKnownFileType = wrapper.framework; name = MessageUI.framework; path = System/Library/Frameworks/MessageUI.framework; sourceTree = SDKROOT; };
		766F078A216EF036003340F9 /* Main.storyboard */ = {isa = PBXFileReference; lastKnownFileType = file.storyboard; path = Main.storyboard; sourceTree = "<group>"; };
		7675BE94218D1B8500B53D26 /* LocalBookmark.swift */ = {isa = PBXFileReference; lastKnownFileType = sourcecode.swift; name = LocalBookmark.swift; path = Source/LocalBookmark.swift; sourceTree = "<group>"; };
		7675BE96218D291000B53D26 /* AppDelegate.swift */ = {isa = PBXFileReference; lastKnownFileType = sourcecode.swift; name = AppDelegate.swift; path = Source/AppDelegate.swift; sourceTree = "<group>"; };
		7675BE98218D2F6E00B53D26 /* WKWebViewExtension.swift */ = {isa = PBXFileReference; lastKnownFileType = sourcecode.swift; name = WKWebViewExtension.swift; path = Source/WKWebViewExtension.swift; sourceTree = "<group>"; };
		7675BE9A218D310300B53D26 /* AboutViewController.swift */ = {isa = PBXFileReference; lastKnownFileType = sourcecode.swift; name = AboutViewController.swift; path = Source/AboutViewController.swift; sourceTree = "<group>"; };
		7675BE9C218D3D7500B53D26 /* SettingsViewController.swift */ = {isa = PBXFileReference; lastKnownFileType = sourcecode.swift; name = SettingsViewController.swift; path = Source/SettingsViewController.swift; sourceTree = "<group>"; };
		7675BE9E218D48BF00B53D26 /* BookmarksManager.swift */ = {isa = PBXFileReference; lastKnownFileType = sourcecode.swift; name = BookmarksManager.swift; path = Source/BookmarksManager.swift; sourceTree = "<group>"; };
		7688F60F218BF83E00DAA890 /* DefaultBookmarks.plist */ = {isa = PBXFileReference; fileEncoding = 4; lastKnownFileType = text.plist.xml; name = DefaultBookmarks.plist; path = Resources/DefaultBookmarks.plist; sourceTree = "<group>"; };
		7688F64C218BFCAC00DAA890 /* AccessToInsight-Bridging-Header.h */ = {isa = PBXFileReference; lastKnownFileType = sourcecode.c.h; path = "AccessToInsight-Bridging-Header.h"; sourceTree = "<group>"; };
		7688F64D218BFDC400DAA890 /* ThemeManager.swift */ = {isa = PBXFileReference; lastKnownFileType = sourcecode.swift; name = ThemeManager.swift; path = Source/ThemeManager.swift; sourceTree = "<group>"; };
		7688F64F218C067100DAA890 /* TextSizeViewController.swift */ = {isa = PBXFileReference; lastKnownFileType = sourcecode.swift; name = TextSizeViewController.swift; path = Source/TextSizeViewController.swift; sourceTree = "<group>"; };
		7691B8C9216C5E31008B97A1 /* Launch Screen.storyboard */ = {isa = PBXFileReference; lastKnownFileType = file.storyboard; path = "Launch Screen.storyboard"; sourceTree = "<group>"; };
		76CE7E38218F4D8300D2C18C /* SearchViewDelegate.swift */ = {isa = PBXFileReference; lastKnownFileType = sourcecode.swift; name = SearchViewDelegate.swift; path = Source/SearchViewDelegate.swift; sourceTree = "<group>"; };
		76CE7E3A218FD7F200D2C18C /* SearchEngine.m */ = {isa = PBXFileReference; fileEncoding = 4; lastKnownFileType = sourcecode.c.objc; name = SearchEngine.m; path = Source/SearchEngine.m; sourceTree = "<group>"; };
		76CE7E3B218FD7F200D2C18C /* SearchEngine.h */ = {isa = PBXFileReference; fileEncoding = 4; lastKnownFileType = sourcecode.c.h; name = SearchEngine.h; path = Source/SearchEngine.h; sourceTree = "<group>"; };
		8D1107310486CEB800E47090 /* AccessToInsight_Universal-Info.plist */ = {isa = PBXFileReference; fileEncoding = 4; lastKnownFileType = text.plist.xml; path = "AccessToInsight_Universal-Info.plist"; plistStructureDefinitionIdentifier = "com.apple.xcode.plist.structure-definition.iphone.info-plist"; sourceTree = "<group>"; };
		D736521E1F0606CB000212C7 /* pages.db */ = {isa = PBXFileReference; lastKnownFileType = file; path = pages.db; sourceTree = "<group>"; };
		D73E9C451EE7B198008079E9 /* WebKit.framework */ = {isa = PBXFileReference; lastKnownFileType = wrapper.framework; name = WebKit.framework; path = System/Library/Frameworks/WebKit.framework; sourceTree = SDKROOT; };
		D77E8D51177D4436006C8C0D /* Default-568h@2x.png */ = {isa = PBXFileReference; lastKnownFileType = image.png; path = "Default-568h@2x.png"; sourceTree = "<group>"; };
		D7A4C5B01F00B5C500A53C9D /* libsqlite3.tbd */ = {isa = PBXFileReference; lastKnownFileType = "sourcecode.text-based-dylib-definition"; name = libsqlite3.tbd; path = usr/lib/libsqlite3.tbd; sourceTree = SDKROOT; };
		D7DD89AB1B49CC0800DF13C4 /* iTunesArtwork@2x */ = {isa = PBXFileReference; lastKnownFileType = file; path = "iTunesArtwork@2x"; sourceTree = "<group>"; };
/* End PBXFileReference section */

/* Begin PBXFrameworksBuildPhase section */
		1D60588F0D05DD3D006BFB54 /* Frameworks */ = {
			isa = PBXFrameworksBuildPhase;
			buildActionMask = 2147483647;
			files = (
				765676B822DD69C00079ADD0 /* MessageUI.framework in Frameworks */,
				D7A4C5B11F00B5C500A53C9D /* libsqlite3.tbd in Frameworks */,
				D73E9C461EE7B198008079E9 /* WebKit.framework in Frameworks */,
				1D60589F0D05DD5A006BFB54 /* Foundation.framework in Frameworks */,
				1DF5F4E00D08C38300B7A737 /* UIKit.framework in Frameworks */,
				288765FD0DF74451002DB57D /* CoreGraphics.framework in Frameworks */,
			);
			runOnlyForDeploymentPostprocessing = 0;
		};
/* End PBXFrameworksBuildPhase section */

/* Begin PBXGroup section */
		19C28FACFE9D520D11CA2CBB /* Products */ = {
			isa = PBXGroup;
			children = (
				1D6058910D05DD3D006BFB54 /* AccessToInsight.app */,
			);
			name = Products;
			sourceTree = "<group>";
		};
		28EEBF621118D79A00187D67 /* AccessToInsight */ = {
			isa = PBXGroup;
			children = (
				7688F60B218BF81800DAA890 /* Resources */,
				7647D067218962B40011651D /* Bookmark */,
				D7A4C5AB1F00B32B00A53C9D /* SearchEngine */,
				D74BA3831ECC057100CAAB3D /* Settings */,
				7675BE96218D291000B53D26 /* AppDelegate.swift */,
				764A07F4218E95DF00F4DE22 /* Constants.swift */,
				764A07F2218E47E900F4DE22 /* MainViewController.swift */,
				7688F64D218BFDC400DAA890 /* ThemeManager.swift */,
				7675BE98218D2F6E00B53D26 /* WKWebViewExtension.swift */,
				32CA4F630368D1EE00C91783 /* AccessToInsight_Universal_Prefix.pch */,
				7688F64C218BFCAC00DAA890 /* AccessToInsight-Bridging-Header.h */,
			);
			name = AccessToInsight;
			sourceTree = "<group>";
		};
		29B97314FDCFA39411CA2CEA /* CustomTemplate */ = {
			isa = PBXGroup;
			children = (
				763F93D62173C371005E6A58 /* Images.xcassets */,
				7691B8C9216C5E31008B97A1 /* Launch Screen.storyboard */,
				766F078A216EF036003340F9 /* Main.storyboard */,
				D77E8D51177D4436006C8C0D /* Default-568h@2x.png */,
				28EEBF621118D79A00187D67 /* AccessToInsight */,
				0AE3EF1E1257C67B000C2097 /* web_content */,
				D736521E1F0606CB000212C7 /* pages.db */,
				8D1107310486CEB800E47090 /* AccessToInsight_Universal-Info.plist */,
				0AE3F9B21257D1AE000C2097 /* iTunesArtwork */,
				D7DD89AB1B49CC0800DF13C4 /* iTunesArtwork@2x */,
				29B97323FDCFA39411CA2CEA /* Frameworks */,
				19C28FACFE9D520D11CA2CBB /* Products */,
			);
			name = CustomTemplate;
			sourceTree = "<group>";
		};
		29B97323FDCFA39411CA2CEA /* Frameworks */ = {
			isa = PBXGroup;
			children = (
				765676B722DD69710079ADD0 /* MessageUI.framework */,
				D7A4C5B01F00B5C500A53C9D /* libsqlite3.tbd */,
				D73E9C451EE7B198008079E9 /* WebKit.framework */,
				1DF5F4DF0D08C38300B7A737 /* UIKit.framework */,
				1D30AB110D05D00D00671497 /* Foundation.framework */,
				288765FC0DF74451002DB57D /* CoreGraphics.framework */,
			);
			name = Frameworks;
			sourceTree = "<group>";
		};
		7647D067218962B40011651D /* Bookmark */ = {
			isa = PBXGroup;
			children = (
				7675BE9E218D48BF00B53D26 /* BookmarksManager.swift */,
				764A07F0218E2BD500F4DE22 /* BookmarksControllerDelegate.swift */,
				764A07EE218E18B200F4DE22 /* BookmarksTableController.swift */,
				7675BE94218D1B8500B53D26 /* LocalBookmark.swift */,
			);
			name = Bookmark;
			sourceTree = "<group>";
		};
		7688F60B218BF81800DAA890 /* Resources */ = {
			isa = PBXGroup;
			children = (
				7688F60F218BF83E00DAA890 /* DefaultBookmarks.plist */,
			);
			name = Resources;
			sourceTree = "<group>";
		};
		D74BA3831ECC057100CAAB3D /* Settings */ = {
			isa = PBXGroup;
			children = (
				7675BE9A218D310300B53D26 /* AboutViewController.swift */,
				7688F64F218C067100DAA890 /* TextSizeViewController.swift */,
				7675BE9C218D3D7500B53D26 /* SettingsViewController.swift */,
			);
			name = Settings;
			sourceTree = "<group>";
		};
		D7A4C5AB1F00B32B00A53C9D /* SearchEngine */ = {
			isa = PBXGroup;
			children = (
				76CE7E3B218FD7F200D2C18C /* SearchEngine.h */,
				76CE7E3A218FD7F200D2C18C /* SearchEngine.m */,
				764A07F6218EADAC00F4DE22 /* SearchViewController.swift */,
				76CE7E38218F4D8300D2C18C /* SearchViewDelegate.swift */,
			);
			name = SearchEngine;
			sourceTree = "<group>";
		};
/* End PBXGroup section */

/* Begin PBXNativeTarget section */
		1D6058900D05DD3D006BFB54 /* AccessToInsight */ = {
			isa = PBXNativeTarget;
			buildConfigurationList = 1D6058960D05DD3E006BFB54 /* Build configuration list for PBXNativeTarget "AccessToInsight" */;
			buildPhases = (
				1D60588D0D05DD3D006BFB54 /* Resources */,
				1D60588E0D05DD3D006BFB54 /* Sources */,
				1D60588F0D05DD3D006BFB54 /* Frameworks */,
			);
			buildRules = (
			);
			dependencies = (
			);
			name = AccessToInsight;
			productName = "AccessToInsight-Universal";
			productReference = 1D6058910D05DD3D006BFB54 /* AccessToInsight.app */;
			productType = "com.apple.product-type.application";
		};
/* End PBXNativeTarget section */

/* Begin PBXProject section */
		29B97313FDCFA39411CA2CEA /* Project object */ = {
			isa = PBXProject;
			attributes = {
				LastUpgradeCheck = 1000;
				TargetAttributes = {
					1D6058900D05DD3D006BFB54 = {
						DevelopmentTeam = QF6M4CC7RV;
						LastSwiftMigration = 1000;
					};
				};
			};
			buildConfigurationList = C01FCF4E08A954540054247B /* Build configuration list for PBXProject "AccessToInsight" */;
			compatibilityVersion = "Xcode 3.2";
			developmentRegion = English;
			hasScannedForEncodings = 1;
			knownRegions = (
				English,
				Japanese,
				French,
				German,
			);
			mainGroup = 29B97314FDCFA39411CA2CEA /* CustomTemplate */;
			projectDirPath = "";
			projectRoot = "";
			targets = (
				1D6058900D05DD3D006BFB54 /* AccessToInsight */,
				0AE3F99F1257D153000C2097 /* IPA */,
			);
		};
/* End PBXProject section */

/* Begin PBXResourcesBuildPhase section */
		1D60588D0D05DD3D006BFB54 /* Resources */ = {
			isa = PBXResourcesBuildPhase;
			buildActionMask = 2147483647;
			files = (
				7691B8CA216C5E31008B97A1 /* Launch Screen.storyboard in Resources */,
				763F93D72173C371005E6A58 /* Images.xcassets in Resources */,
				7688F62D218BF84000DAA890 /* DefaultBookmarks.plist in Resources */,
				766F078B216EF036003340F9 /* Main.storyboard in Resources */,
				D7DD89AC1B49CC0800DF13C4 /* iTunesArtwork@2x in Resources */,
				D736521F1F0606CB000212C7 /* pages.db in Resources */,
				0A184CFE1265113200972013 /* web_content in Resources */,
				D77E8D52177D4436006C8C0D /* Default-568h@2x.png in Resources */,
			);
			runOnlyForDeploymentPostprocessing = 0;
		};
/* End PBXResourcesBuildPhase section */

/* Begin PBXShellScriptBuildPhase section */
		0AE3F99E1257D153000C2097 /* ShellScript */ = {
			isa = PBXShellScriptBuildPhase;
			buildActionMask = 2147483647;
			files = (
			);
			inputPaths = (
			);
			outputPaths = (
			);
			runOnlyForDeploymentPostprocessing = 0;
			shellPath = /bin/sh;
			shellScript = "payload_dir=\"$CONFIGURATION_BUILD_DIR/Payload\"\napp_bundle_dir=\"$CONFIGURATION_BUILD_DIR/${PROJECT_NAME}.app\"\n\n/bin/rm -rf \"$payload_dir\"\n/bin/mkdir \"$payload_dir\"\n/bin/cp -R \"$app_bundle_dir\" \"$payload_dir\"\n/bin/cp iTunesArtwork \"$CONFIGURATION_BUILD_DIR/iTunesArtwork\"\ncd \"$CONFIGURATION_BUILD_DIR\"\n\n/usr/bin/zip -r \"${PROJECT_NAME}.ipa\" Payload iTunesArtwork\nrm -rf \"$payload_dir\" iTunesArtwork";
		};
/* End PBXShellScriptBuildPhase section */

/* Begin PBXSourcesBuildPhase section */
		1D60588E0D05DD3D006BFB54 /* Sources */ = {
			isa = PBXSourcesBuildPhase;
			buildActionMask = 2147483647;
			files = (
				764A07F7218EADAC00F4DE22 /* SearchViewController.swift in Sources */,
				7675BE99218D2F6E00B53D26 /* WKWebViewExtension.swift in Sources */,
				764A07EF218E18B200F4DE22 /* BookmarksTableController.swift in Sources */,
				76CE7E3C218FD7F200D2C18C /* SearchEngine.m in Sources */,
				764A07F1218E2BD500F4DE22 /* BookmarksControllerDelegate.swift in Sources */,
				7675BE9D218D3D7500B53D26 /* SettingsViewController.swift in Sources */,
				764A07F3218E47E900F4DE22 /* MainViewController.swift in Sources */,
				7688F64E218BFDC400DAA890 /* ThemeManager.swift in Sources */,
				7675BE97218D291000B53D26 /* AppDelegate.swift in Sources */,
				7675BE9B218D310300B53D26 /* AboutViewController.swift in Sources */,
				7675BE95218D1B8500B53D26 /* LocalBookmark.swift in Sources */,
				7675BE9F218D48BF00B53D26 /* BookmarksManager.swift in Sources */,
				7688F650218C067100DAA890 /* TextSizeViewController.swift in Sources */,
				764A07F5218E95DF00F4DE22 /* Constants.swift in Sources */,
				76CE7E39218F4D8300D2C18C /* SearchViewDelegate.swift in Sources */,
			);
			runOnlyForDeploymentPostprocessing = 0;
		};
/* End PBXSourcesBuildPhase section */

/* Begin PBXTargetDependency section */
		0AE3F9C31257D4AF000C2097 /* PBXTargetDependency */ = {
			isa = PBXTargetDependency;
			target = 1D6058900D05DD3D006BFB54 /* AccessToInsight */;
			targetProxy = 0AE3F9C21257D4AF000C2097 /* PBXContainerItemProxy */;
		};
/* End PBXTargetDependency section */

/* Begin XCBuildConfiguration section */
		0AE3038F1257D619000C2097 /* App Store */ = {
			isa = XCBuildConfiguration;
			buildSettings = {
				ASSETCATALOG_COMPILER_APPICON_NAME = AppIcon;
				CLANG_ANALYZER_LOCALIZABILITY_NONLOCALIZED = NO;
				CLANG_WARN_BLOCK_CAPTURE_AUTORELEASING = YES;
				CLANG_WARN_BOOL_CONVERSION = YES;
				CLANG_WARN_COMMA = YES;
				CLANG_WARN_CONSTANT_CONVERSION = YES;
				CLANG_WARN_DEPRECATED_OBJC_IMPLEMENTATIONS = YES;
				CLANG_WARN_EMPTY_BODY = YES;
				CLANG_WARN_ENUM_CONVERSION = YES;
				CLANG_WARN_INFINITE_RECURSION = YES;
				CLANG_WARN_INT_CONVERSION = YES;
				CLANG_WARN_NON_LITERAL_NULL_CONVERSION = YES;
				CLANG_WARN_OBJC_IMPLICIT_RETAIN_SELF = YES;
				CLANG_WARN_OBJC_LITERAL_CONVERSION = YES;
				CLANG_WARN_RANGE_LOOP_ANALYSIS = YES;
				CLANG_WARN_STRICT_PROTOTYPES = YES;
				CLANG_WARN_SUSPICIOUS_MOVE = YES;
				CLANG_WARN_UNREACHABLE_CODE = YES;
				CLANG_WARN__DUPLICATE_METHOD_MATCH = YES;
				"CODE_SIGN_IDENTITY[sdk=iphoneos*]" = "iPhone Developer";
				ENABLE_STRICT_OBJC_MSGSEND = YES;
				GCC_C_LANGUAGE_STANDARD = c99;
				GCC_NO_COMMON_BLOCKS = YES;
				GCC_WARN_64_TO_32_BIT_CONVERSION = YES;
				GCC_WARN_ABOUT_RETURN_TYPE = YES;
				GCC_WARN_UNDECLARED_SELECTOR = YES;
				GCC_WARN_UNINITIALIZED_AUTOS = YES;
				GCC_WARN_UNUSED_FUNCTION = YES;
				GCC_WARN_UNUSED_VARIABLE = YES;
				IPHONEOS_DEPLOYMENT_TARGET = 9.0;
				OTHER_CFLAGS = "-DNS_BLOCK_ASSERTIONS=1";
				"PROVISIONING_PROFILE[sdk=iphoneos*]" = "C0AA888A-5CEC-4AAC-940C-E1F833278B10";
				SDKROOT = iphoneos;
				TARGETED_DEVICE_FAMILY = "1,2";
				VALIDATE_PRODUCT = YES;
			};
			name = "App Store";
		};
		0AE303901257D619000C2097 /* App Store */ = {
			isa = XCBuildConfiguration;
			buildSettings = {
				ALWAYS_SEARCH_USER_PATHS = NO;
				CLANG_ENABLE_MODULES = YES;
				CLANG_ENABLE_OBJC_ARC = YES;
				CLANG_ENABLE_OBJC_WEAK = YES;
				CODE_SIGN_IDENTITY = "iPhone Developer";
				"CODE_SIGN_IDENTITY[sdk=iphoneos*]" = "iPhone Developer";
				COPY_PHASE_STRIP = YES;
				GCC_PRECOMPILE_PREFIX_HEADER = YES;
				GCC_PREFIX_HEADER = AccessToInsight_Universal_Prefix.pch;
				INFOPLIST_FILE = "AccessToInsight_Universal-Info.plist";
				IPHONEOS_DEPLOYMENT_TARGET = 9.0;
				LD_RUNPATH_SEARCH_PATHS = "$(inherited) @executable_path/Frameworks";
				PRODUCT_BUNDLE_IDENTIFIER = com.appmagination.iphone.accesstoinsight;
				PRODUCT_NAME = AccessToInsight;
				PROVISIONING_PROFILE = "";
				SWIFT_OBJC_BRIDGING_HEADER = "AccessToInsight-Bridging-Header.h";
				SWIFT_VERSION = 5.0;
				VALIDATE_PRODUCT = YES;
			};
			name = "App Store";
		};
		0AE303911257D619000C2097 /* App Store */ = {
			isa = XCBuildConfiguration;
			buildSettings = {
				CLANG_ENABLE_OBJC_WEAK = YES;
				COPY_PHASE_STRIP = YES;
				DEBUG_INFORMATION_FORMAT = "dwarf-with-dsym";
				PRODUCT_NAME = IPA;
				ZERO_LINK = NO;
			};
			name = "App Store";
		};
		0AE3F9A01257D154000C2097 /* Debug */ = {
			isa = XCBuildConfiguration;
			buildSettings = {
				CLANG_ENABLE_OBJC_WEAK = YES;
				COPY_PHASE_STRIP = NO;
				GCC_DYNAMIC_NO_PIC = NO;
				GCC_OPTIMIZATION_LEVEL = 0;
				PRODUCT_NAME = IPA;
			};
			name = Debug;
		};
		0AE3F9A11257D154000C2097 /* Release */ = {
			isa = XCBuildConfiguration;
			buildSettings = {
				CLANG_ENABLE_OBJC_WEAK = YES;
				COPY_PHASE_STRIP = YES;
				DEBUG_INFORMATION_FORMAT = "dwarf-with-dsym";
				PRODUCT_NAME = IPA;
				ZERO_LINK = NO;
			};
			name = Release;
		};
		1D6058940D05DD3E006BFB54 /* Debug */ = {
			isa = XCBuildConfiguration;
			buildSettings = {
				ALWAYS_SEARCH_USER_PATHS = NO;
				CLANG_ENABLE_MODULES = YES;
				CLANG_ENABLE_OBJC_ARC = YES;
				CLANG_ENABLE_OBJC_WEAK = YES;
				CODE_SIGN_IDENTITY = "iPhone Developer";
				"CODE_SIGN_IDENTITY[sdk=iphoneos*]" = "iPhone Developer";
				COPY_PHASE_STRIP = NO;
				GCC_DYNAMIC_NO_PIC = NO;
				GCC_OPTIMIZATION_LEVEL = 0;
				GCC_PRECOMPILE_PREFIX_HEADER = YES;
				GCC_PREFIX_HEADER = AccessToInsight_Universal_Prefix.pch;
				INFOPLIST_FILE = "AccessToInsight_Universal-Info.plist";
				IPHONEOS_DEPLOYMENT_TARGET = 9.0;
				LD_RUNPATH_SEARCH_PATHS = "$(inherited) @executable_path/Frameworks";
				PRODUCT_BUNDLE_IDENTIFIER = com.appmagination.iphone.accesstoinsight;
				PRODUCT_NAME = AccessToInsight;
				PROVISIONING_PROFILE = "";
				SWIFT_OBJC_BRIDGING_HEADER = "AccessToInsight-Bridging-Header.h";
				SWIFT_OPTIMIZATION_LEVEL = "-Onone";
				SWIFT_VERSION = 5.0;
			};
			name = Debug;
		};
		1D6058950D05DD3E006BFB54 /* Release */ = {
			isa = XCBuildConfiguration;
			buildSettings = {
				ALWAYS_SEARCH_USER_PATHS = NO;
				CLANG_ENABLE_MODULES = YES;
				CLANG_ENABLE_OBJC_ARC = YES;
				CLANG_ENABLE_OBJC_WEAK = YES;
				CODE_SIGN_IDENTITY = "iPhone Developer";
				"CODE_SIGN_IDENTITY[sdk=iphoneos*]" = "iPhone Developer";
				COPY_PHASE_STRIP = YES;
				GCC_PRECOMPILE_PREFIX_HEADER = YES;
				GCC_PREFIX_HEADER = AccessToInsight_Universal_Prefix.pch;
				INFOPLIST_FILE = "AccessToInsight_Universal-Info.plist";
				IPHONEOS_DEPLOYMENT_TARGET = 9.0;
				LD_RUNPATH_SEARCH_PATHS = "$(inherited) @executable_path/Frameworks";
				PRODUCT_BUNDLE_IDENTIFIER = com.appmagination.iphone.accesstoinsight;
				PRODUCT_NAME = AccessToInsight;
				PROVISIONING_PROFILE = "";
				SWIFT_OBJC_BRIDGING_HEADER = "AccessToInsight-Bridging-Header.h";
				SWIFT_VERSION = 5.0;
				VALIDATE_PRODUCT = YES;
			};
			name = Release;
		};
		C01FCF4F08A954540054247B /* Debug */ = {
			isa = XCBuildConfiguration;
			buildSettings = {
				ASSETCATALOG_COMPILER_APPICON_NAME = AppIcon;
				CLANG_ANALYZER_LOCALIZABILITY_NONLOCALIZED = NO;
				CLANG_WARN_BLOCK_CAPTURE_AUTORELEASING = YES;
				CLANG_WARN_BOOL_CONVERSION = YES;
				CLANG_WARN_COMMA = YES;
				CLANG_WARN_CONSTANT_CONVERSION = YES;
				CLANG_WARN_DEPRECATED_OBJC_IMPLEMENTATIONS = YES;
				CLANG_WARN_EMPTY_BODY = YES;
				CLANG_WARN_ENUM_CONVERSION = YES;
				CLANG_WARN_INFINITE_RECURSION = YES;
				CLANG_WARN_INT_CONVERSION = YES;
				CLANG_WARN_NON_LITERAL_NULL_CONVERSION = YES;
				CLANG_WARN_OBJC_IMPLICIT_RETAIN_SELF = YES;
				CLANG_WARN_OBJC_LITERAL_CONVERSION = YES;
				CLANG_WARN_RANGE_LOOP_ANALYSIS = YES;
				CLANG_WARN_STRICT_PROTOTYPES = YES;
				CLANG_WARN_SUSPICIOUS_MOVE = YES;
				CLANG_WARN_UNREACHABLE_CODE = YES;
				CLANG_WARN__DUPLICATE_METHOD_MATCH = YES;
				"CODE_SIGN_IDENTITY[sdk=iphoneos*]" = "iPhone Developer";
				ENABLE_STRICT_OBJC_MSGSEND = YES;
				ENABLE_TESTABILITY = YES;
				GCC_C_LANGUAGE_STANDARD = c99;
				GCC_NO_COMMON_BLOCKS = YES;
				GCC_WARN_64_TO_32_BIT_CONVERSION = YES;
				GCC_WARN_ABOUT_RETURN_TYPE = YES;
				GCC_WARN_UNDECLARED_SELECTOR = YES;
				GCC_WARN_UNINITIALIZED_AUTOS = YES;
				GCC_WARN_UNUSED_FUNCTION = YES;
				GCC_WARN_UNUSED_VARIABLE = YES;
				IPHONEOS_DEPLOYMENT_TARGET = 9.0;
				ONLY_ACTIVE_ARCH = YES;
				SDKROOT = iphoneos;
				TARGETED_DEVICE_FAMILY = "1,2";
			};
			name = Debug;
		};
		C01FCF5008A954540054247B /* Release */ = {
			isa = XCBuildConfiguration;
			buildSettings = {
				ASSETCATALOG_COMPILER_APPICON_NAME = AppIcon;
				CLANG_ANALYZER_LOCALIZABILITY_NONLOCALIZED = NO;
				CLANG_WARN_BLOCK_CAPTURE_AUTORELEASING = YES;
				CLANG_WARN_BOOL_CONVERSION = YES;
				CLANG_WARN_COMMA = YES;
				CLANG_WARN_CONSTANT_CONVERSION = YES;
				CLANG_WARN_DEPRECATED_OBJC_IMPLEMENTATIONS = YES;
				CLANG_WARN_EMPTY_BODY = YES;
				CLANG_WARN_ENUM_CONVERSION = YES;
				CLANG_WARN_INFINITE_RECURSION = YES;
				CLANG_WARN_INT_CONVERSION = YES;
				CLANG_WARN_NON_LITERAL_NULL_CONVERSION = YES;
				CLANG_WARN_OBJC_IMPLICIT_RETAIN_SELF = YES;
				CLANG_WARN_OBJC_LITERAL_CONVERSION = YES;
				CLANG_WARN_RANGE_LOOP_ANALYSIS = YES;
				CLANG_WARN_STRICT_PROTOTYPES = YES;
				CLANG_WARN_SUSPICIOUS_MOVE = YES;
				CLANG_WARN_UNREACHABLE_CODE = YES;
				CLANG_WARN__DUPLICATE_METHOD_MATCH = YES;
				"CODE_SIGN_IDENTITY[sdk=iphoneos*]" = "iPhone Distribution";
				ENABLE_STRICT_OBJC_MSGSEND = YES;
				GCC_C_LANGUAGE_STANDARD = c99;
				GCC_NO_COMMON_BLOCKS = YES;
				GCC_WARN_64_TO_32_BIT_CONVERSION = YES;
				GCC_WARN_ABOUT_RETURN_TYPE = YES;
				GCC_WARN_UNDECLARED_SELECTOR = YES;
				GCC_WARN_UNINITIALIZED_AUTOS = YES;
				GCC_WARN_UNUSED_FUNCTION = YES;
				GCC_WARN_UNUSED_VARIABLE = YES;
				IPHONEOS_DEPLOYMENT_TARGET = 9.0;
				OTHER_CFLAGS = "-DNS_BLOCK_ASSERTIONS=1";
				"PROVISIONING_PROFILE[sdk=iphoneos*]" = "";
				SDKROOT = iphoneos;
				TARGETED_DEVICE_FAMILY = "1,2";
				VALIDATE_PRODUCT = YES;
			};
			name = Release;
		};
/* End XCBuildConfiguration section */

/* Begin XCConfigurationList section */
		0AE3F9B11257D18B000C2097 /* Build configuration list for PBXAggregateTarget "IPA" */ = {
			isa = XCConfigurationList;
			buildConfigurations = (
				0AE3F9A01257D154000C2097 /* Debug */,
				0AE3F9A11257D154000C2097 /* Release */,
				0AE303911257D619000C2097 /* App Store */,
			);
			defaultConfigurationIsVisible = 0;
			defaultConfigurationName = Release;
		};
		1D6058960D05DD3E006BFB54 /* Build configuration list for PBXNativeTarget "AccessToInsight" */ = {
			isa = XCConfigurationList;
			buildConfigurations = (
				1D6058940D05DD3E006BFB54 /* Debug */,
				1D6058950D05DD3E006BFB54 /* Release */,
				0AE303901257D619000C2097 /* App Store */,
			);
			defaultConfigurationIsVisible = 0;
			defaultConfigurationName = Release;
		};
		C01FCF4E08A954540054247B /* Build configuration list for PBXProject "AccessToInsight" */ = {
			isa = XCConfigurationList;
			buildConfigurations = (
				C01FCF4F08A954540054247B /* Debug */,
				C01FCF5008A954540054247B /* Release */,
				0AE3038F1257D619000C2097 /* App Store */,
			);
			defaultConfigurationIsVisible = 0;
			defaultConfigurationName = Release;
		};
/* End XCConfigurationList section */
	};
	rootObject = 29B97313FDCFA39411CA2CEA /* Project object */;
}
