// !$*UTF8*$!
{
	archiveVersion = 1;
	classes = {
	};
	objectVersion = 46;
	objects = {

/* Begin PBXAggregateTarget section */
		0AE3F99F1257D153000C2097 /* IPA */ = {
			isa = PBXAggregateTarget;
			buildConfigurationList = 0AE3F9B11257D18B000C2097 /* Build configuration list for PBXAggregateTarget "IPA" */;
			buildPhases = (
				0AE3F99E1257D153000C2097 /* ShellScript */,
			);
			dependencies = (
				0AE3F9C31257D4AF000C2097 /* PBXTargetDependency */,
			);
			name = IPA;
			productName = IPA;
		};
/* End PBXAggregateTarget section */

/* Begin PBXBuildFile section */
		0A184CFE1265113200972013 /* web_content in Resources */ = {isa = PBXBuildFile; fileRef = 0AE3EF1E1257C67B000C2097 /* web_content */; };
		0AE303B81258F385000C2097 /* Icon-72.png in Resources */ = {isa = PBXBuildFile; fileRef = 0AE303B51258F385000C2097 /* Icon-72.png */; };
		0AE303B91258F385000C2097 /* Icon.png in Resources */ = {isa = PBXBuildFile; fileRef = 0AE303B61258F385000C2097 /* Icon.png */; };
		0AE303BA1258F385000C2097 /* Icon@2x.png in Resources */ = {isa = PBXBuildFile; fileRef = 0AE303B71258F385000C2097 /* Icon@2x.png */; };
		0AE3F9481257CD66000C2097 /* BookmarksManager.m in Sources */ = {isa = PBXBuildFile; fileRef = 0AE3F93E1257CD66000C2097 /* BookmarksManager.m */; };
		0AE3F9491257CD66000C2097 /* BookmarksTableController.m in Sources */ = {isa = PBXBuildFile; fileRef = 0AE3F93F1257CD66000C2097 /* BookmarksTableController.m */; };
		0AE3F94D1257CD66000C2097 /* LocalBookmark.m in Sources */ = {isa = PBXBuildFile; fileRef = 0AE3F9431257CD66000C2097 /* LocalBookmark.m */; };
		0AE3F94F1257CD66000C2097 /* MainViewController.m in Sources */ = {isa = PBXBuildFile; fileRef = 0AE3F9451257CD66000C2097 /* MainViewController.m */; };
		0AE3F9561257CDCD000C2097 /* main.m in Sources */ = {isa = PBXBuildFile; fileRef = 0AE3F9551257CDCD000C2097 /* main.m */; };
		0AE3F96B1257CEC7000C2097 /* 1leftarrow-20.png in Resources */ = {isa = PBXBuildFile; fileRef = 0AE3F9601257CEC7000C2097 /* 1leftarrow-20.png */; };
		0AE3F96C1257CEC7000C2097 /* 1rightarrow-20.png in Resources */ = {isa = PBXBuildFile; fileRef = 0AE3F9611257CEC7000C2097 /* 1rightarrow-20.png */; };
		0AE3F96D1257CEC7000C2097 /* 2dowarrow-20.png in Resources */ = {isa = PBXBuildFile; fileRef = 0AE3F9621257CEC7000C2097 /* 2dowarrow-20.png */; };
		0AE3F96E1257CEC7000C2097 /* 2uparrow-20.png in Resources */ = {isa = PBXBuildFile; fileRef = 0AE3F9631257CEC7000C2097 /* 2uparrow-20.png */; };
		0AE3F96F1257CEC7000C2097 /* 53-house.png in Resources */ = {isa = PBXBuildFile; fileRef = 0AE3F9641257CEC7000C2097 /* 53-house.png */; };
		0AE3F9711257CEC7000C2097 /* AtoI_Banner.png in Resources */ = {isa = PBXBuildFile; fileRef = 0AE3F9661257CEC7000C2097 /* AtoI_Banner.png */; };
		0AE3F9721257CEC7000C2097 /* AtoI_logo.png in Resources */ = {isa = PBXBuildFile; fileRef = 0AE3F9671257CEC7000C2097 /* AtoI_logo.png */; };
		0AE3F9731257CEC7000C2097 /* DefaultBookmarks.plist in Resources */ = {isa = PBXBuildFile; fileRef = 0AE3F9681257CEC7000C2097 /* DefaultBookmarks.plist */; };
		0AE3F9741257CEC7000C2097 /* Left-arrow-32.png in Resources */ = {isa = PBXBuildFile; fileRef = 0AE3F9691257CEC7000C2097 /* Left-arrow-32.png */; };
		0AE3F9751257CEC7000C2097 /* Right-arrow-32.png in Resources */ = {isa = PBXBuildFile; fileRef = 0AE3F96A1257CEC7000C2097 /* Right-arrow-32.png */; };
		1D60589F0D05DD5A006BFB54 /* Foundation.framework in Frameworks */ = {isa = PBXBuildFile; fileRef = 1D30AB110D05D00D00671497 /* Foundation.framework */; };
		1DF5F4E00D08C38300B7A737 /* UIKit.framework in Frameworks */ = {isa = PBXBuildFile; fileRef = 1DF5F4DF0D08C38300B7A737 /* UIKit.framework */; settings = {ATTRIBUTES = (Weak, ); }; };
		288765FD0DF74451002DB57D /* CoreGraphics.framework in Frameworks */ = {isa = PBXBuildFile; fileRef = 288765FC0DF74451002DB57D /* CoreGraphics.framework */; };
		766F078B216EF036003340F9 /* Main.storyboard in Resources */ = {isa = PBXBuildFile; fileRef = 766F078A216EF036003340F9 /* Main.storyboard */; };
		766F078E216EFF43003340F9 /* AppDelegate.m in Sources */ = {isa = PBXBuildFile; fileRef = 766F078D216EFF43003340F9 /* AppDelegate.m */; };
		7691B8CA216C5E31008B97A1 /* Launch Screen.storyboard in Resources */ = {isa = PBXBuildFile; fileRef = 7691B8C9216C5E31008B97A1 /* Launch Screen.storyboard */; };
		D722CE291EE8F7C100F7D7E8 /* ThemeManager.m in Sources */ = {isa = PBXBuildFile; fileRef = D722CE281EE8F7C100F7D7E8 /* ThemeManager.m */; };
		D736521F1F0606CB000212C7 /* pages.db in Resources */ = {isa = PBXBuildFile; fileRef = D736521E1F0606CB000212C7 /* pages.db */; };
		D73E9C461EE7B198008079E9 /* WebKit.framework in Frameworks */ = {isa = PBXBuildFile; fileRef = D73E9C451EE7B198008079E9 /* WebKit.framework */; };
		D7407B161790F5D800204EEF /* MessageUI.framework in Frameworks */ = {isa = PBXBuildFile; fileRef = D7407B151790F5D800204EEF /* MessageUI.framework */; };
		D74BA3801ECBFE5800CAAB3D /* settings@2x.png in Resources */ = {isa = PBXBuildFile; fileRef = D74BA37F1ECBFE5800CAAB3D /* settings@2x.png */; };
		D74BA3821ECBFE6100CAAB3D /* settings.png in Resources */ = {isa = PBXBuildFile; fileRef = D74BA3811ECBFE6100CAAB3D /* settings.png */; };
		D7511FC6178F9F7D00BC85CF /* AboutViewController.m in Sources */ = {isa = PBXBuildFile; fileRef = D7511FC5178F9F7D00BC85CF /* AboutViewController.m */; };
		D75677A11ECD441A007444EF /* SettingsViewController.m in Sources */ = {isa = PBXBuildFile; fileRef = D75677A01ECD441A007444EF /* SettingsViewController.m */; };
		D757EC1C180CD5560057E45A /* back.png in Resources */ = {isa = PBXBuildFile; fileRef = D757EC1B180CD5560057E45A /* back.png */; };
		D76CC83A1ECFEB8600E2C025 /* TextSizeViewController.m in Sources */ = {isa = PBXBuildFile; fileRef = D76CC8391ECFEB8600E2C025 /* TextSizeViewController.m */; };
		D77E8D52177D4436006C8C0D /* Default-568h@2x.png in Resources */ = {isa = PBXBuildFile; fileRef = D77E8D51177D4436006C8C0D /* Default-568h@2x.png */; };
		D798A0DE1F035ACC000B371E /* search.png in Resources */ = {isa = PBXBuildFile; fileRef = D798A0DC1F035ACC000B371E /* search.png */; };
		D798A0DF1F035ACC000B371E /* search@2x.png in Resources */ = {isa = PBXBuildFile; fileRef = D798A0DD1F035ACC000B371E /* search@2x.png */; };
		D7A1E24E197F342F00E54CE0 /* decrease_font.png in Resources */ = {isa = PBXBuildFile; fileRef = D7A1E24A197F342F00E54CE0 /* decrease_font.png */; };
		D7A1E24F197F342F00E54CE0 /* decrease_font@2x.png in Resources */ = {isa = PBXBuildFile; fileRef = D7A1E24B197F342F00E54CE0 /* decrease_font@2x.png */; };
		D7A1E250197F342F00E54CE0 /* increase_font.png in Resources */ = {isa = PBXBuildFile; fileRef = D7A1E24C197F342F00E54CE0 /* increase_font.png */; };
		D7A1E251197F342F00E54CE0 /* increase_font@2x.png in Resources */ = {isa = PBXBuildFile; fileRef = D7A1E24D197F342F00E54CE0 /* increase_font@2x.png */; };
		D7A4C5AE1F00B35900A53C9D /* SearchEngine.m in Sources */ = {isa = PBXBuildFile; fileRef = D7A4C5AD1F00B35900A53C9D /* SearchEngine.m */; };
		D7A4C5B11F00B5C500A53C9D /* libsqlite3.tbd in Frameworks */ = {isa = PBXBuildFile; fileRef = D7A4C5B01F00B5C500A53C9D /* libsqlite3.tbd */; };
		D7A4C5B51F00BC3500A53C9D /* SearchViewController.m in Sources */ = {isa = PBXBuildFile; fileRef = D7A4C5B41F00BC3500A53C9D /* SearchViewController.m */; };
		D7D63297180CDA0F00B752A5 /* home.png in Resources */ = {isa = PBXBuildFile; fileRef = D7D63295180CDA0F00B752A5 /* home.png */; };
		D7D63298180CDA0F00B752A5 /* home@2x.png in Resources */ = {isa = PBXBuildFile; fileRef = D7D63296180CDA0F00B752A5 /* home@2x.png */; };
		D7D6329C180CDC8B00B752A5 /* bookmark@2x.png in Resources */ = {isa = PBXBuildFile; fileRef = D7D6329A180CDC8B00B752A5 /* bookmark@2x.png */; };
		D7D6329E180CDCFA00B752A5 /* bookmark.png in Resources */ = {isa = PBXBuildFile; fileRef = D7D6329D180CDCFA00B752A5 /* bookmark.png */; };
		D7DD89A61B49CBEF00DF13C4 /* Icon-60@2x.png in Resources */ = {isa = PBXBuildFile; fileRef = D7DD89A11B49CBEF00DF13C4 /* Icon-60@2x.png */; };
		D7DD89A71B49CBEF00DF13C4 /* Icon-60@3x.png in Resources */ = {isa = PBXBuildFile; fileRef = D7DD89A21B49CBEF00DF13C4 /* Icon-60@3x.png */; };
		D7DD89A81B49CBEF00DF13C4 /* Icon-72@2x.png in Resources */ = {isa = PBXBuildFile; fileRef = D7DD89A31B49CBEF00DF13C4 /* Icon-72@2x.png */; };
		D7DD89A91B49CBEF00DF13C4 /* Icon-76.png in Resources */ = {isa = PBXBuildFile; fileRef = D7DD89A41B49CBEF00DF13C4 /* Icon-76.png */; };
		D7DD89AA1B49CBEF00DF13C4 /* Icon-76@2x.png in Resources */ = {isa = PBXBuildFile; fileRef = D7DD89A51B49CBEF00DF13C4 /* Icon-76@2x.png */; };
		D7DD89AC1B49CC0800DF13C4 /* iTunesArtwork@2x in Resources */ = {isa = PBXBuildFile; fileRef = D7DD89AB1B49CC0800DF13C4 /* iTunesArtwork@2x */; };
		D7E5E3EB1ED1E9870090C6AB /* CSSManager.m in Sources */ = {isa = PBXBuildFile; fileRef = D7E5E3EA1ED1E9870090C6AB /* CSSManager.m */; };
		D7FB27CF180CD6F40089ED7B /* forward.png in Resources */ = {isa = PBXBuildFile; fileRef = D7FB27CD180CD6F40089ED7B /* forward.png */; };
		D7FB27D0180CD6F40089ED7B /* forward@2x.png in Resources */ = {isa = PBXBuildFile; fileRef = D7FB27CE180CD6F40089ED7B /* forward@2x.png */; };
		D7FB27D2180CD7E80089ED7B /* back@2x.png in Resources */ = {isa = PBXBuildFile; fileRef = D7FB27D1180CD7E80089ED7B /* back@2x.png */; };
		D7FB27D7180CD8BC0089ED7B /* down.png in Resources */ = {isa = PBXBuildFile; fileRef = D7FB27D3180CD8BC0089ED7B /* down.png */; };
		D7FB27D8180CD8BC0089ED7B /* down@2x.png in Resources */ = {isa = PBXBuildFile; fileRef = D7FB27D4180CD8BC0089ED7B /* down@2x.png */; };
		D7FB27D9180CD8BC0089ED7B /* up.png in Resources */ = {isa = PBXBuildFile; fileRef = D7FB27D5180CD8BC0089ED7B /* up.png */; };
		D7FB27DA180CD8BC0089ED7B /* up@2x.png in Resources */ = {isa = PBXBuildFile; fileRef = D7FB27D6180CD8BC0089ED7B /* up@2x.png */; };
/* End PBXBuildFile section */

/* Begin PBXContainerItemProxy section */
		0AE3F9C21257D4AF000C2097 /* PBXContainerItemProxy */ = {
			isa = PBXContainerItemProxy;
			containerPortal = 29B97313FDCFA39411CA2CEA /* Project object */;
			proxyType = 1;
			remoteGlobalIDString = 1D6058900D05DD3D006BFB54;
			remoteInfo = "AccessToInsight-Universal";
		};
/* End PBXContainerItemProxy section */

/* Begin PBXFileReference section */
		0AE303B51258F385000C2097 /* Icon-72.png */ = {isa = PBXFileReference; lastKnownFileType = image.png; path = "Icon-72.png"; sourceTree = "<group>"; };
		0AE303B61258F385000C2097 /* Icon.png */ = {isa = PBXFileReference; lastKnownFileType = image.png; path = Icon.png; sourceTree = "<group>"; };
		0AE303B71258F385000C2097 /* Icon@2x.png */ = {isa = PBXFileReference; lastKnownFileType = image.png; path = "Icon@2x.png"; sourceTree = "<group>"; };
		0AE3EF1E1257C67B000C2097 /* web_content */ = {isa = PBXFileReference; lastKnownFileType = folder; path = web_content; sourceTree = "<group>"; };
		0AE3F93E1257CD66000C2097 /* BookmarksManager.m */ = {isa = PBXFileReference; fileEncoding = 4; lastKnownFileType = sourcecode.c.objc; name = BookmarksManager.m; path = Shared/BookmarksManager.m; sourceTree = "<group>"; };
		0AE3F93F1257CD66000C2097 /* BookmarksTableController.m */ = {isa = PBXFileReference; fileEncoding = 4; lastKnownFileType = sourcecode.c.objc; name = BookmarksTableController.m; path = Shared/BookmarksTableController.m; sourceTree = "<group>"; };
		0AE3F9431257CD66000C2097 /* LocalBookmark.m */ = {isa = PBXFileReference; fileEncoding = 4; lastKnownFileType = sourcecode.c.objc; name = LocalBookmark.m; path = Shared/LocalBookmark.m; sourceTree = "<group>"; };
		0AE3F9451257CD66000C2097 /* MainViewController.m */ = {isa = PBXFileReference; fileEncoding = 4; lastKnownFileType = sourcecode.c.objc; name = MainViewController.m; path = Shared/MainViewController.m; sourceTree = "<group>"; };
		0AE3F9551257CDCD000C2097 /* main.m */ = {isa = PBXFileReference; fileEncoding = 4; lastKnownFileType = sourcecode.c.objc; path = main.m; sourceTree = "<group>"; };
		0AE3F9601257CEC7000C2097 /* 1leftarrow-20.png */ = {isa = PBXFileReference; lastKnownFileType = image.png; path = "1leftarrow-20.png"; sourceTree = "<group>"; };
		0AE3F9611257CEC7000C2097 /* 1rightarrow-20.png */ = {isa = PBXFileReference; lastKnownFileType = image.png; path = "1rightarrow-20.png"; sourceTree = "<group>"; };
		0AE3F9621257CEC7000C2097 /* 2dowarrow-20.png */ = {isa = PBXFileReference; lastKnownFileType = image.png; path = "2dowarrow-20.png"; sourceTree = "<group>"; };
		0AE3F9631257CEC7000C2097 /* 2uparrow-20.png */ = {isa = PBXFileReference; lastKnownFileType = image.png; path = "2uparrow-20.png"; sourceTree = "<group>"; };
		0AE3F9641257CEC7000C2097 /* 53-house.png */ = {isa = PBXFileReference; lastKnownFileType = image.png; path = "53-house.png"; sourceTree = "<group>"; };
		0AE3F9661257CEC7000C2097 /* AtoI_Banner.png */ = {isa = PBXFileReference; lastKnownFileType = image.png; path = AtoI_Banner.png; sourceTree = "<group>"; };
		0AE3F9671257CEC7000C2097 /* AtoI_logo.png */ = {isa = PBXFileReference; lastKnownFileType = image.png; path = AtoI_logo.png; sourceTree = "<group>"; };
		0AE3F9681257CEC7000C2097 /* DefaultBookmarks.plist */ = {isa = PBXFileReference; fileEncoding = 4; lastKnownFileType = text.plist.xml; path = DefaultBookmarks.plist; sourceTree = "<group>"; };
		0AE3F9691257CEC7000C2097 /* Left-arrow-32.png */ = {isa = PBXFileReference; lastKnownFileType = image.png; path = "Left-arrow-32.png"; sourceTree = "<group>"; };
		0AE3F96A1257CEC7000C2097 /* Right-arrow-32.png */ = {isa = PBXFileReference; lastKnownFileType = image.png; path = "Right-arrow-32.png"; sourceTree = "<group>"; };
		0AE3F9B21257D1AE000C2097 /* iTunesArtwork */ = {isa = PBXFileReference; lastKnownFileType = file; path = iTunesArtwork; sourceTree = "<group>"; };
		0AE3F9B61257D225000C2097 /* BookmarksManager.h */ = {isa = PBXFileReference; fileEncoding = 4; lastKnownFileType = sourcecode.c.h; name = BookmarksManager.h; path = Shared/BookmarksManager.h; sourceTree = "<group>"; };
		0AE3F9B71257D225000C2097 /* BookmarksTableController.h */ = {isa = PBXFileReference; fileEncoding = 4; lastKnownFileType = sourcecode.c.h; name = BookmarksTableController.h; path = Shared/BookmarksTableController.h; sourceTree = "<group>"; };
		0AE3F9BB1257D225000C2097 /* LocalBookmark.h */ = {isa = PBXFileReference; fileEncoding = 4; lastKnownFileType = sourcecode.c.h; name = LocalBookmark.h; path = Shared/LocalBookmark.h; sourceTree = "<group>"; };
		0AE3F9BC1257D225000C2097 /* MainViewController.h */ = {isa = PBXFileReference; fileEncoding = 4; lastKnownFileType = sourcecode.c.h; name = MainViewController.h; path = Shared/MainViewController.h; sourceTree = "<group>"; };
		1D30AB110D05D00D00671497 /* Foundation.framework */ = {isa = PBXFileReference; lastKnownFileType = wrapper.framework; name = Foundation.framework; path = System/Library/Frameworks/Foundation.framework; sourceTree = SDKROOT; };
		1D6058910D05DD3D006BFB54 /* AccessToInsight.app */ = {isa = PBXFileReference; explicitFileType = wrapper.application; includeInIndex = 0; path = AccessToInsight.app; sourceTree = BUILT_PRODUCTS_DIR; };
		1DF5F4DF0D08C38300B7A737 /* UIKit.framework */ = {isa = PBXFileReference; lastKnownFileType = wrapper.framework; name = UIKit.framework; path = System/Library/Frameworks/UIKit.framework; sourceTree = SDKROOT; };
		288765FC0DF74451002DB57D /* CoreGraphics.framework */ = {isa = PBXFileReference; lastKnownFileType = wrapper.framework; name = CoreGraphics.framework; path = System/Library/Frameworks/CoreGraphics.framework; sourceTree = SDKROOT; };
		32CA4F630368D1EE00C91783 /* AccessToInsight_Universal_Prefix.pch */ = {isa = PBXFileReference; fileEncoding = 4; lastKnownFileType = sourcecode.c.h; path = AccessToInsight_Universal_Prefix.pch; sourceTree = "<group>"; };
		766F078A216EF036003340F9 /* Main.storyboard */ = {isa = PBXFileReference; lastKnownFileType = file.storyboard; path = Main.storyboard; sourceTree = "<group>"; };
		766F078C216EFF43003340F9 /* AppDelegate.h */ = {isa = PBXFileReference; lastKnownFileType = sourcecode.c.h; path = AppDelegate.h; sourceTree = "<group>"; };
		766F078D216EFF43003340F9 /* AppDelegate.m */ = {isa = PBXFileReference; lastKnownFileType = sourcecode.c.objc; path = AppDelegate.m; sourceTree = "<group>"; };
		7691B8C9216C5E31008B97A1 /* Launch Screen.storyboard */ = {isa = PBXFileReference; lastKnownFileType = file.storyboard; path = "Launch Screen.storyboard"; sourceTree = "<group>"; };
		8D1107310486CEB800E47090 /* AccessToInsight_Universal-Info.plist */ = {isa = PBXFileReference; fileEncoding = 4; lastKnownFileType = text.plist.xml; path = "AccessToInsight_Universal-Info.plist"; plistStructureDefinitionIdentifier = "com.apple.xcode.plist.structure-definition.iphone.info-plist"; sourceTree = "<group>"; };
		D722CE271EE8F7C100F7D7E8 /* ThemeManager.h */ = {isa = PBXFileReference; fileEncoding = 4; lastKnownFileType = sourcecode.c.h; path = ThemeManager.h; sourceTree = "<group>"; };
		D722CE281EE8F7C100F7D7E8 /* ThemeManager.m */ = {isa = PBXFileReference; fileEncoding = 4; lastKnownFileType = sourcecode.c.objc; path = ThemeManager.m; sourceTree = "<group>"; };
		D736521E1F0606CB000212C7 /* pages.db */ = {isa = PBXFileReference; lastKnownFileType = file; path = pages.db; sourceTree = "<group>"; };
		D73E9C451EE7B198008079E9 /* WebKit.framework */ = {isa = PBXFileReference; lastKnownFileType = wrapper.framework; name = WebKit.framework; path = System/Library/Frameworks/WebKit.framework; sourceTree = SDKROOT; };
		D7407B151790F5D800204EEF /* MessageUI.framework */ = {isa = PBXFileReference; lastKnownFileType = wrapper.framework; name = MessageUI.framework; path = System/Library/Frameworks/MessageUI.framework; sourceTree = SDKROOT; };
		D74BA37F1ECBFE5800CAAB3D /* settings@2x.png */ = {isa = PBXFileReference; lastKnownFileType = image.png; path = "settings@2x.png"; sourceTree = "<group>"; };
		D74BA3811ECBFE6100CAAB3D /* settings.png */ = {isa = PBXFileReference; lastKnownFileType = image.png; path = settings.png; sourceTree = "<group>"; };
		D7511FC4178F9F7D00BC85CF /* AboutViewController.h */ = {isa = PBXFileReference; fileEncoding = 4; lastKnownFileType = sourcecode.c.h; path = AboutViewController.h; sourceTree = "<group>"; };
		D7511FC5178F9F7D00BC85CF /* AboutViewController.m */ = {isa = PBXFileReference; fileEncoding = 4; lastKnownFileType = sourcecode.c.objc; path = AboutViewController.m; sourceTree = "<group>"; };
		D756779F1ECD441A007444EF /* SettingsViewController.h */ = {isa = PBXFileReference; fileEncoding = 4; lastKnownFileType = sourcecode.c.h; path = SettingsViewController.h; sourceTree = "<group>"; };
		D75677A01ECD441A007444EF /* SettingsViewController.m */ = {isa = PBXFileReference; fileEncoding = 4; lastKnownFileType = sourcecode.c.objc; path = SettingsViewController.m; sourceTree = "<group>"; };
		D757EC1B180CD5560057E45A /* back.png */ = {isa = PBXFileReference; lastKnownFileType = image.png; path = back.png; sourceTree = "<group>"; };
		D76CC8381ECFEB8600E2C025 /* TextSizeViewController.h */ = {isa = PBXFileReference; fileEncoding = 4; lastKnownFileType = sourcecode.c.h; path = TextSizeViewController.h; sourceTree = "<group>"; };
		D76CC8391ECFEB8600E2C025 /* TextSizeViewController.m */ = {isa = PBXFileReference; fileEncoding = 4; lastKnownFileType = sourcecode.c.objc; path = TextSizeViewController.m; sourceTree = "<group>"; };
		D77E8D51177D4436006C8C0D /* Default-568h@2x.png */ = {isa = PBXFileReference; lastKnownFileType = image.png; path = "Default-568h@2x.png"; sourceTree = "<group>"; };
		D798A0DC1F035ACC000B371E /* search.png */ = {isa = PBXFileReference; lastKnownFileType = image.png; path = search.png; sourceTree = "<group>"; };
		D798A0DD1F035ACC000B371E /* search@2x.png */ = {isa = PBXFileReference; lastKnownFileType = image.png; path = "search@2x.png"; sourceTree = "<group>"; };
		D7A1E24A197F342F00E54CE0 /* decrease_font.png */ = {isa = PBXFileReference; lastKnownFileType = image.png; path = decrease_font.png; sourceTree = "<group>"; };
		D7A1E24B197F342F00E54CE0 /* decrease_font@2x.png */ = {isa = PBXFileReference; lastKnownFileType = image.png; path = "decrease_font@2x.png"; sourceTree = "<group>"; };
		D7A1E24C197F342F00E54CE0 /* increase_font.png */ = {isa = PBXFileReference; lastKnownFileType = image.png; path = increase_font.png; sourceTree = "<group>"; };
		D7A1E24D197F342F00E54CE0 /* increase_font@2x.png */ = {isa = PBXFileReference; lastKnownFileType = image.png; path = "increase_font@2x.png"; sourceTree = "<group>"; };
		D7A4C5AC1F00B35900A53C9D /* SearchEngine.h */ = {isa = PBXFileReference; fileEncoding = 4; lastKnownFileType = sourcecode.c.h; path = SearchEngine.h; sourceTree = "<group>"; };
		D7A4C5AD1F00B35900A53C9D /* SearchEngine.m */ = {isa = PBXFileReference; fileEncoding = 4; lastKnownFileType = sourcecode.c.objc; path = SearchEngine.m; sourceTree = "<group>"; };
		D7A4C5B01F00B5C500A53C9D /* libsqlite3.tbd */ = {isa = PBXFileReference; lastKnownFileType = "sourcecode.text-based-dylib-definition"; name = libsqlite3.tbd; path = usr/lib/libsqlite3.tbd; sourceTree = SDKROOT; };
		D7A4C5B31F00BC3500A53C9D /* SearchViewController.h */ = {isa = PBXFileReference; fileEncoding = 4; lastKnownFileType = sourcecode.c.h; path = SearchViewController.h; sourceTree = "<group>"; };
		D7A4C5B41F00BC3500A53C9D /* SearchViewController.m */ = {isa = PBXFileReference; fileEncoding = 4; lastKnownFileType = sourcecode.c.objc; path = SearchViewController.m; sourceTree = "<group>"; };
		D7D63295180CDA0F00B752A5 /* home.png */ = {isa = PBXFileReference; lastKnownFileType = image.png; path = home.png; sourceTree = "<group>"; };
		D7D63296180CDA0F00B752A5 /* home@2x.png */ = {isa = PBXFileReference; lastKnownFileType = image.png; path = "home@2x.png"; sourceTree = "<group>"; };
		D7D6329A180CDC8B00B752A5 /* bookmark@2x.png */ = {isa = PBXFileReference; lastKnownFileType = image.png; path = "bookmark@2x.png"; sourceTree = "<group>"; };
		D7D6329D180CDCFA00B752A5 /* bookmark.png */ = {isa = PBXFileReference; lastKnownFileType = image.png; path = bookmark.png; sourceTree = "<group>"; };
		D7DD89A11B49CBEF00DF13C4 /* Icon-60@2x.png */ = {isa = PBXFileReference; lastKnownFileType = image.png; path = "Icon-60@2x.png"; sourceTree = "<group>"; };
		D7DD89A21B49CBEF00DF13C4 /* Icon-60@3x.png */ = {isa = PBXFileReference; lastKnownFileType = image.png; path = "Icon-60@3x.png"; sourceTree = "<group>"; };
		D7DD89A31B49CBEF00DF13C4 /* Icon-72@2x.png */ = {isa = PBXFileReference; lastKnownFileType = image.png; path = "Icon-72@2x.png"; sourceTree = "<group>"; };
		D7DD89A41B49CBEF00DF13C4 /* Icon-76.png */ = {isa = PBXFileReference; lastKnownFileType = image.png; path = "Icon-76.png"; sourceTree = "<group>"; };
		D7DD89A51B49CBEF00DF13C4 /* Icon-76@2x.png */ = {isa = PBXFileReference; lastKnownFileType = image.png; path = "Icon-76@2x.png"; sourceTree = "<group>"; };
		D7DD89AB1B49CC0800DF13C4 /* iTunesArtwork@2x */ = {isa = PBXFileReference; lastKnownFileType = file; path = "iTunesArtwork@2x"; sourceTree = "<group>"; };
		D7E5E3E91ED1E9870090C6AB /* CSSManager.h */ = {isa = PBXFileReference; fileEncoding = 4; lastKnownFileType = sourcecode.c.h; path = CSSManager.h; sourceTree = "<group>"; };
		D7E5E3EA1ED1E9870090C6AB /* CSSManager.m */ = {isa = PBXFileReference; fileEncoding = 4; lastKnownFileType = sourcecode.c.objc; path = CSSManager.m; sourceTree = "<group>"; };
		D7FB27CD180CD6F40089ED7B /* forward.png */ = {isa = PBXFileReference; lastKnownFileType = image.png; path = forward.png; sourceTree = "<group>"; };
		D7FB27CE180CD6F40089ED7B /* forward@2x.png */ = {isa = PBXFileReference; lastKnownFileType = image.png; path = "forward@2x.png"; sourceTree = "<group>"; };
		D7FB27D1180CD7E80089ED7B /* back@2x.png */ = {isa = PBXFileReference; lastKnownFileType = image.png; path = "back@2x.png"; sourceTree = "<group>"; };
		D7FB27D3180CD8BC0089ED7B /* down.png */ = {isa = PBXFileReference; lastKnownFileType = image.png; path = down.png; sourceTree = "<group>"; };
		D7FB27D4180CD8BC0089ED7B /* down@2x.png */ = {isa = PBXFileReference; lastKnownFileType = image.png; path = "down@2x.png"; sourceTree = "<group>"; };
		D7FB27D5180CD8BC0089ED7B /* up.png */ = {isa = PBXFileReference; lastKnownFileType = image.png; path = up.png; sourceTree = "<group>"; };
		D7FB27D6180CD8BC0089ED7B /* up@2x.png */ = {isa = PBXFileReference; lastKnownFileType = image.png; path = "up@2x.png"; sourceTree = "<group>"; };
/* End PBXFileReference section */

/* Begin PBXFrameworksBuildPhase section */
		1D60588F0D05DD3D006BFB54 /* Frameworks */ = {
			isa = PBXFrameworksBuildPhase;
			buildActionMask = 2147483647;
			files = (
				D7A4C5B11F00B5C500A53C9D /* libsqlite3.tbd in Frameworks */,
				D73E9C461EE7B198008079E9 /* WebKit.framework in Frameworks */,
				D7407B161790F5D800204EEF /* MessageUI.framework in Frameworks */,
				1D60589F0D05DD5A006BFB54 /* Foundation.framework in Frameworks */,
				1DF5F4E00D08C38300B7A737 /* UIKit.framework in Frameworks */,
				288765FD0DF74451002DB57D /* CoreGraphics.framework in Frameworks */,
			);
			runOnlyForDeploymentPostprocessing = 0;
		};
/* End PBXFrameworksBuildPhase section */

/* Begin PBXGroup section */
		0AE3F95F1257CEC7000C2097 /* Resources */ = {
			isa = PBXGroup;
			children = (
				D798A0DC1F035ACC000B371E /* search.png */,
				D798A0DD1F035ACC000B371E /* search@2x.png */,
				D7A1E24A197F342F00E54CE0 /* decrease_font.png */,
				D7A1E24B197F342F00E54CE0 /* decrease_font@2x.png */,
				D7A1E24C197F342F00E54CE0 /* increase_font.png */,
				D7A1E24D197F342F00E54CE0 /* increase_font@2x.png */,
				D7D6329D180CDCFA00B752A5 /* bookmark.png */,
				D7D6329A180CDC8B00B752A5 /* bookmark@2x.png */,
				D7D63295180CDA0F00B752A5 /* home.png */,
				D7D63296180CDA0F00B752A5 /* home@2x.png */,
				D7FB27D3180CD8BC0089ED7B /* down.png */,
				D7FB27D4180CD8BC0089ED7B /* down@2x.png */,
				D7FB27D5180CD8BC0089ED7B /* up.png */,
				D7FB27D6180CD8BC0089ED7B /* up@2x.png */,
				D7FB27D1180CD7E80089ED7B /* back@2x.png */,
				D7FB27CD180CD6F40089ED7B /* forward.png */,
				D7FB27CE180CD6F40089ED7B /* forward@2x.png */,
				D74BA3811ECBFE6100CAAB3D /* settings.png */,
				D74BA37F1ECBFE5800CAAB3D /* settings@2x.png */,
				D757EC1B180CD5560057E45A /* back.png */,
				0AE3F9601257CEC7000C2097 /* 1leftarrow-20.png */,
				0AE3F9611257CEC7000C2097 /* 1rightarrow-20.png */,
				0AE3F9621257CEC7000C2097 /* 2dowarrow-20.png */,
				0AE3F9631257CEC7000C2097 /* 2uparrow-20.png */,
				0AE3F9641257CEC7000C2097 /* 53-house.png */,
				0AE3F9661257CEC7000C2097 /* AtoI_Banner.png */,
				0AE3F9671257CEC7000C2097 /* AtoI_logo.png */,
				0AE3F9681257CEC7000C2097 /* DefaultBookmarks.plist */,
				0AE3F9691257CEC7000C2097 /* Left-arrow-32.png */,
				0AE3F96A1257CEC7000C2097 /* Right-arrow-32.png */,
			);
			name = Resources;
			path = Shared/Resources;
			sourceTree = "<group>";
		};
		19C28FACFE9D520D11CA2CBB /* Products */ = {
			isa = PBXGroup;
			children = (
				1D6058910D05DD3D006BFB54 /* AccessToInsight.app */,
			);
			name = Products;
			sourceTree = "<group>";
		};
		28EEBF621118D79A00187D67 /* AccessToInsight */ = {
			isa = PBXGroup;
			children = (
				D7A4C5AB1F00B32B00A53C9D /* SearchEngine */,
				D74BA3831ECC057100CAAB3D /* Settings */,
				766F078C216EFF43003340F9 /* AppDelegate.h */,
				766F078D216EFF43003340F9 /* AppDelegate.m */,
				0AE3F9B61257D225000C2097 /* BookmarksManager.h */,
				0AE3F93E1257CD66000C2097 /* BookmarksManager.m */,
				D7E5E3E91ED1E9870090C6AB /* CSSManager.h */,
				D7E5E3EA1ED1E9870090C6AB /* CSSManager.m */,
				D722CE271EE8F7C100F7D7E8 /* ThemeManager.h */,
				D722CE281EE8F7C100F7D7E8 /* ThemeManager.m */,
				0AE3F9B71257D225000C2097 /* BookmarksTableController.h */,
				0AE3F93F1257CD66000C2097 /* BookmarksTableController.m */,
				0AE3F9BB1257D225000C2097 /* LocalBookmark.h */,
				0AE3F9431257CD66000C2097 /* LocalBookmark.m */,
				0AE3F9BC1257D225000C2097 /* MainViewController.h */,
				0AE3F9451257CD66000C2097 /* MainViewController.m */,
				32CA4F630368D1EE00C91783 /* AccessToInsight_Universal_Prefix.pch */,
				0AE3F9551257CDCD000C2097 /* main.m */,
				0AE3F95F1257CEC7000C2097 /* Resources */,
			);
			name = AccessToInsight;
			sourceTree = "<group>";
		};
		29B97314FDCFA39411CA2CEA /* CustomTemplate */ = {
			isa = PBXGroup;
			children = (
				7691B8C9216C5E31008B97A1 /* Launch Screen.storyboard */,
				766F078A216EF036003340F9 /* Main.storyboard */,
				D7407B151790F5D800204EEF /* MessageUI.framework */,
				D77E8D51177D4436006C8C0D /* Default-568h@2x.png */,
				28EEBF621118D79A00187D67 /* AccessToInsight */,
				0AE3EF1E1257C67B000C2097 /* web_content */,
				D736521E1F0606CB000212C7 /* pages.db */,
				8D1107310486CEB800E47090 /* AccessToInsight_Universal-Info.plist */,
				0AE3F9B21257D1AE000C2097 /* iTunesArtwork */,
				D7DD89AB1B49CC0800DF13C4 /* iTunesArtwork@2x */,
				D7DD89A11B49CBEF00DF13C4 /* Icon-60@2x.png */,
				D7DD89A21B49CBEF00DF13C4 /* Icon-60@3x.png */,
				D7DD89A31B49CBEF00DF13C4 /* Icon-72@2x.png */,
				D7DD89A41B49CBEF00DF13C4 /* Icon-76.png */,
				D7DD89A51B49CBEF00DF13C4 /* Icon-76@2x.png */,
				0AE303B51258F385000C2097 /* Icon-72.png */,
				0AE303B61258F385000C2097 /* Icon.png */,
				0AE303B71258F385000C2097 /* Icon@2x.png */,
				29B97323FDCFA39411CA2CEA /* Frameworks */,
				19C28FACFE9D520D11CA2CBB /* Products */,
			);
			name = CustomTemplate;
			sourceTree = "<group>";
		};
		29B97323FDCFA39411CA2CEA /* Frameworks */ = {
			isa = PBXGroup;
			children = (
				D7A4C5B01F00B5C500A53C9D /* libsqlite3.tbd */,
				D73E9C451EE7B198008079E9 /* WebKit.framework */,
				1DF5F4DF0D08C38300B7A737 /* UIKit.framework */,
				1D30AB110D05D00D00671497 /* Foundation.framework */,
				288765FC0DF74451002DB57D /* CoreGraphics.framework */,
			);
			name = Frameworks;
			sourceTree = "<group>";
		};
		D74BA3831ECC057100CAAB3D /* Settings */ = {
			isa = PBXGroup;
			children = (
				D7511FC4178F9F7D00BC85CF /* AboutViewController.h */,
				D7511FC5178F9F7D00BC85CF /* AboutViewController.m */,
				D756779F1ECD441A007444EF /* SettingsViewController.h */,
				D75677A01ECD441A007444EF /* SettingsViewController.m */,
				D76CC8381ECFEB8600E2C025 /* TextSizeViewController.h */,
				D76CC8391ECFEB8600E2C025 /* TextSizeViewController.m */,
			);
			name = Settings;
			sourceTree = "<group>";
		};
		D7A4C5AB1F00B32B00A53C9D /* SearchEngine */ = {
			isa = PBXGroup;
			children = (
				D7A4C5AC1F00B35900A53C9D /* SearchEngine.h */,
				D7A4C5AD1F00B35900A53C9D /* SearchEngine.m */,
				D7A4C5B31F00BC3500A53C9D /* SearchViewController.h */,
				D7A4C5B41F00BC3500A53C9D /* SearchViewController.m */,
			);
			name = SearchEngine;
			sourceTree = "<group>";
		};
/* End PBXGroup section */

/* Begin PBXNativeTarget section */
		1D6058900D05DD3D006BFB54 /* AccessToInsight */ = {
			isa = PBXNativeTarget;
			buildConfigurationList = 1D6058960D05DD3E006BFB54 /* Build configuration list for PBXNativeTarget "AccessToInsight" */;
			buildPhases = (
				1D60588D0D05DD3D006BFB54 /* Resources */,
				1D60588E0D05DD3D006BFB54 /* Sources */,
				1D60588F0D05DD3D006BFB54 /* Frameworks */,
			);
			buildRules = (
			);
			dependencies = (
			);
			name = AccessToInsight;
			productName = "AccessToInsight-Universal";
			productReference = 1D6058910D05DD3D006BFB54 /* AccessToInsight.app */;
			productType = "com.apple.product-type.application";
		};
/* End PBXNativeTarget section */

/* Begin PBXProject section */
		29B97313FDCFA39411CA2CEA /* Project object */ = {
			isa = PBXProject;
			attributes = {
				LastUpgradeCheck = 1000;
				TargetAttributes = {
					1D6058900D05DD3D006BFB54 = {
						DevelopmentTeam = QF6M4CC7RV;
					};
				};
			};
			buildConfigurationList = C01FCF4E08A954540054247B /* Build configuration list for PBXProject "AccessToInsight" */;
			compatibilityVersion = "Xcode 3.2";
			developmentRegion = English;
			hasScannedForEncodings = 1;
			knownRegions = (
				English,
				Japanese,
				French,
				German,
			);
			mainGroup = 29B97314FDCFA39411CA2CEA /* CustomTemplate */;
			projectDirPath = "";
			projectRoot = "";
			targets = (
				1D6058900D05DD3D006BFB54 /* AccessToInsight */,
				0AE3F99F1257D153000C2097 /* IPA */,
			);
		};
/* End PBXProject section */

/* Begin PBXResourcesBuildPhase section */
		1D60588D0D05DD3D006BFB54 /* Resources */ = {
			isa = PBXResourcesBuildPhase;
			buildActionMask = 2147483647;
			files = (
				D7FB27D9180CD8BC0089ED7B /* up.png in Resources */,
				7691B8CA216C5E31008B97A1 /* Launch Screen.storyboard in Resources */,
				D7FB27CF180CD6F40089ED7B /* forward.png in Resources */,
				D7D6329C180CDC8B00B752A5 /* bookmark@2x.png in Resources */,
				D7FB27D2180CD7E80089ED7B /* back@2x.png in Resources */,
				D7D63298180CDA0F00B752A5 /* home@2x.png in Resources */,
				D7A1E251197F342F00E54CE0 /* increase_font@2x.png in Resources */,
				D798A0DE1F035ACC000B371E /* search.png in Resources */,
				D74BA3821ECBFE6100CAAB3D /* settings.png in Resources */,
				0AE3F96B1257CEC7000C2097 /* 1leftarrow-20.png in Resources */,
				D7A1E24F197F342F00E54CE0 /* decrease_font@2x.png in Resources */,
				D7FB27D8180CD8BC0089ED7B /* down@2x.png in Resources */,
				0AE3F96C1257CEC7000C2097 /* 1rightarrow-20.png in Resources */,
				D7DD89A91B49CBEF00DF13C4 /* Icon-76.png in Resources */,
				0AE3F96D1257CEC7000C2097 /* 2dowarrow-20.png in Resources */,
				0AE3F96E1257CEC7000C2097 /* 2uparrow-20.png in Resources */,
				766F078B216EF036003340F9 /* Main.storyboard in Resources */,
				D7DD89AC1B49CC0800DF13C4 /* iTunesArtwork@2x in Resources */,
				D798A0DF1F035ACC000B371E /* search@2x.png in Resources */,
				0AE3F96F1257CEC7000C2097 /* 53-house.png in Resources */,
				D7FB27D7180CD8BC0089ED7B /* down.png in Resources */,
				0AE3F9711257CEC7000C2097 /* AtoI_Banner.png in Resources */,
				0AE3F9721257CEC7000C2097 /* AtoI_logo.png in Resources */,
				D7DD89A71B49CBEF00DF13C4 /* Icon-60@3x.png in Resources */,
				D736521F1F0606CB000212C7 /* pages.db in Resources */,
				D7D63297180CDA0F00B752A5 /* home.png in Resources */,
				D7A1E250197F342F00E54CE0 /* increase_font.png in Resources */,
				0AE3F9731257CEC7000C2097 /* DefaultBookmarks.plist in Resources */,
				D7DD89A61B49CBEF00DF13C4 /* Icon-60@2x.png in Resources */,
				0AE3F9741257CEC7000C2097 /* Left-arrow-32.png in Resources */,
				0AE3F9751257CEC7000C2097 /* Right-arrow-32.png in Resources */,
				D74BA3801ECBFE5800CAAB3D /* settings@2x.png in Resources */,
				D7A1E24E197F342F00E54CE0 /* decrease_font.png in Resources */,
				0AE303B81258F385000C2097 /* Icon-72.png in Resources */,
				D7FB27D0180CD6F40089ED7B /* forward@2x.png in Resources */,
				0AE303B91258F385000C2097 /* Icon.png in Resources */,
				D757EC1C180CD5560057E45A /* back.png in Resources */,
				D7DD89A81B49CBEF00DF13C4 /* Icon-72@2x.png in Resources */,
				0AE303BA1258F385000C2097 /* Icon@2x.png in Resources */,
				D7FB27DA180CD8BC0089ED7B /* up@2x.png in Resources */,
				D7D6329E180CDCFA00B752A5 /* bookmark.png in Resources */,
				0A184CFE1265113200972013 /* web_content in Resources */,
				D7DD89AA1B49CBEF00DF13C4 /* Icon-76@2x.png in Resources */,
				D77E8D52177D4436006C8C0D /* Default-568h@2x.png in Resources */,
			);
			runOnlyForDeploymentPostprocessing = 0;
		};
/* End PBXResourcesBuildPhase section */

/* Begin PBXShellScriptBuildPhase section */
		0AE3F99E1257D153000C2097 /* ShellScript */ = {
			isa = PBXShellScriptBuildPhase;
			buildActionMask = 2147483647;
			files = (
			);
			inputPaths = (
			);
			outputPaths = (
			);
			runOnlyForDeploymentPostprocessing = 0;
			shellPath = /bin/sh;
			shellScript = "payload_dir=\"$CONFIGURATION_BUILD_DIR/Payload\"\napp_bundle_dir=\"$CONFIGURATION_BUILD_DIR/${PROJECT_NAME}.app\"\n\n/bin/rm -rf \"$payload_dir\"\n/bin/mkdir \"$payload_dir\"\n/bin/cp -R \"$app_bundle_dir\" \"$payload_dir\"\n/bin/cp iTunesArtwork \"$CONFIGURATION_BUILD_DIR/iTunesArtwork\"\ncd \"$CONFIGURATION_BUILD_DIR\"\n\n/usr/bin/zip -r \"${PROJECT_NAME}.ipa\" Payload iTunesArtwork\nrm -rf \"$payload_dir\" iTunesArtwork";
		};
/* End PBXShellScriptBuildPhase section */

/* Begin PBXSourcesBuildPhase section */
		1D60588E0D05DD3D006BFB54 /* Sources */ = {
			isa = PBXSourcesBuildPhase;
			buildActionMask = 2147483647;
			files = (
				D722CE291EE8F7C100F7D7E8 /* ThemeManager.m in Sources */,
				D7A4C5AE1F00B35900A53C9D /* SearchEngine.m in Sources */,
				D7E5E3EB1ED1E9870090C6AB /* CSSManager.m in Sources */,
				D76CC83A1ECFEB8600E2C025 /* TextSizeViewController.m in Sources */,
				D7A4C5B51F00BC3500A53C9D /* SearchViewController.m in Sources */,
				0AE3F9481257CD66000C2097 /* BookmarksManager.m in Sources */,
				0AE3F9491257CD66000C2097 /* BookmarksTableController.m in Sources */,
				0AE3F94D1257CD66000C2097 /* LocalBookmark.m in Sources */,
				0AE3F94F1257CD66000C2097 /* MainViewController.m in Sources */,
				D75677A11ECD441A007444EF /* SettingsViewController.m in Sources */,
				766F078E216EFF43003340F9 /* AppDelegate.m in Sources */,
				0AE3F9561257CDCD000C2097 /* main.m in Sources */,
				D7511FC6178F9F7D00BC85CF /* AboutViewController.m in Sources */,
			);
			runOnlyForDeploymentPostprocessing = 0;
		};
/* End PBXSourcesBuildPhase section */

/* Begin PBXTargetDependency section */
		0AE3F9C31257D4AF000C2097 /* PBXTargetDependency */ = {
			isa = PBXTargetDependency;
			target = 1D6058900D05DD3D006BFB54 /* AccessToInsight */;
			targetProxy = 0AE3F9C21257D4AF000C2097 /* PBXContainerItemProxy */;
		};
/* End PBXTargetDependency section */

/* Begin XCBuildConfiguration section */
		0AE3038F1257D619000C2097 /* App Store */ = {
			isa = XCBuildConfiguration;
			buildSettings = {
				CLANG_ANALYZER_LOCALIZABILITY_NONLOCALIZED = YES;
				CLANG_WARN_BLOCK_CAPTURE_AUTORELEASING = YES;
				CLANG_WARN_BOOL_CONVERSION = YES;
				CLANG_WARN_COMMA = YES;
				CLANG_WARN_CONSTANT_CONVERSION = YES;
				CLANG_WARN_DEPRECATED_OBJC_IMPLEMENTATIONS = YES;
				CLANG_WARN_EMPTY_BODY = YES;
				CLANG_WARN_ENUM_CONVERSION = YES;
				CLANG_WARN_INFINITE_RECURSION = YES;
				CLANG_WARN_INT_CONVERSION = YES;
				CLANG_WARN_NON_LITERAL_NULL_CONVERSION = YES;
				CLANG_WARN_OBJC_IMPLICIT_RETAIN_SELF = YES;
				CLANG_WARN_OBJC_LITERAL_CONVERSION = YES;
				CLANG_WARN_RANGE_LOOP_ANALYSIS = YES;
				CLANG_WARN_STRICT_PROTOTYPES = YES;
				CLANG_WARN_SUSPICIOUS_MOVE = YES;
				CLANG_WARN_UNREACHABLE_CODE = YES;
				CLANG_WARN__DUPLICATE_METHOD_MATCH = YES;
				"CODE_SIGN_IDENTITY[sdk=iphoneos*]" = "iPhone Developer";
				ENABLE_STRICT_OBJC_MSGSEND = YES;
				GCC_C_LANGUAGE_STANDARD = c99;
				GCC_NO_COMMON_BLOCKS = YES;
				GCC_WARN_64_TO_32_BIT_CONVERSION = YES;
				GCC_WARN_ABOUT_RETURN_TYPE = YES;
				GCC_WARN_UNDECLARED_SELECTOR = YES;
				GCC_WARN_UNINITIALIZED_AUTOS = YES;
				GCC_WARN_UNUSED_FUNCTION = YES;
				GCC_WARN_UNUSED_VARIABLE = YES;
				IPHONEOS_DEPLOYMENT_TARGET = 9.0;
				OTHER_CFLAGS = "-DNS_BLOCK_ASSERTIONS=1";
				"PROVISIONING_PROFILE[sdk=iphoneos*]" = "C0AA888A-5CEC-4AAC-940C-E1F833278B10";
				SDKROOT = iphoneos;
				TARGETED_DEVICE_FAMILY = "1,2";
				VALIDATE_PRODUCT = YES;
			};
			name = "App Store";
		};
		0AE303901257D619000C2097 /* App Store */ = {
			isa = XCBuildConfiguration;
			buildSettings = {
				ALWAYS_SEARCH_USER_PATHS = NO;
				CLANG_ENABLE_OBJC_WEAK = YES;
				CODE_SIGN_IDENTITY = "iPhone Developer";
				"CODE_SIGN_IDENTITY[sdk=iphoneos*]" = "iPhone Developer";
				COPY_PHASE_STRIP = YES;
				GCC_PRECOMPILE_PREFIX_HEADER = YES;
				GCC_PREFIX_HEADER = AccessToInsight_Universal_Prefix.pch;
				INFOPLIST_FILE = "AccessToInsight_Universal-Info.plist";
				IPHONEOS_DEPLOYMENT_TARGET = 9.0;
				PRODUCT_BUNDLE_IDENTIFIER = com.appmagination.iphone.accesstoinsight;
				PRODUCT_NAME = AccessToInsight;
				PROVISIONING_PROFILE = "";
				VALIDATE_PRODUCT = YES;
			};
			name = "App Store";
		};
		0AE303911257D619000C2097 /* App Store */ = {
			isa = XCBuildConfiguration;
			buildSettings = {
				CLANG_ENABLE_OBJC_WEAK = YES;
				COPY_PHASE_STRIP = YES;
				DEBUG_INFORMATION_FORMAT = "dwarf-with-dsym";
				PRODUCT_NAME = IPA;
				ZERO_LINK = NO;
			};
			name = "App Store";
		};
		0AE3F9A01257D154000C2097 /* Debug */ = {
			isa = XCBuildConfiguration;
			buildSettings = {
				CLANG_ENABLE_OBJC_WEAK = YES;
				COPY_PHASE_STRIP = NO;
				GCC_DYNAMIC_NO_PIC = NO;
				GCC_OPTIMIZATION_LEVEL = 0;
				PRODUCT_NAME = IPA;
			};
			name = Debug;
		};
		0AE3F9A11257D154000C2097 /* Release */ = {
			isa = XCBuildConfiguration;
			buildSettings = {
				CLANG_ENABLE_OBJC_WEAK = YES;
				COPY_PHASE_STRIP = YES;
				DEBUG_INFORMATION_FORMAT = "dwarf-with-dsym";
				PRODUCT_NAME = IPA;
				ZERO_LINK = NO;
			};
			name = Release;
		};
		1D6058940D05DD3E006BFB54 /* Debug */ = {
			isa = XCBuildConfiguration;
			buildSettings = {
				ALWAYS_SEARCH_USER_PATHS = NO;
				CLANG_ENABLE_OBJC_WEAK = YES;
				CODE_SIGN_IDENTITY = "iPhone Developer";
				"CODE_SIGN_IDENTITY[sdk=iphoneos*]" = "iPhone Developer";
				COPY_PHASE_STRIP = NO;
				GCC_DYNAMIC_NO_PIC = NO;
				GCC_OPTIMIZATION_LEVEL = 0;
				GCC_PRECOMPILE_PREFIX_HEADER = YES;
				GCC_PREFIX_HEADER = AccessToInsight_Universal_Prefix.pch;
				INFOPLIST_FILE = "AccessToInsight_Universal-Info.plist";
				IPHONEOS_DEPLOYMENT_TARGET = 9.0;
				PRODUCT_BUNDLE_IDENTIFIER = com.appmagination.iphone.accesstoinsight;
				PRODUCT_NAME = AccessToInsight;
				PROVISIONING_PROFILE = "";
			};
			name = Debug;
		};
		1D6058950D05DD3E006BFB54 /* Release */ = {
			isa = XCBuildConfiguration;
			buildSettings = {
				ALWAYS_SEARCH_USER_PATHS = NO;
				CLANG_ENABLE_OBJC_WEAK = YES;
				CODE_SIGN_IDENTITY = "iPhone Developer";
				"CODE_SIGN_IDENTITY[sdk=iphoneos*]" = "iPhone Developer";
				COPY_PHASE_STRIP = YES;
				GCC_PRECOMPILE_PREFIX_HEADER = YES;
				GCC_PREFIX_HEADER = AccessToInsight_Universal_Prefix.pch;
				INFOPLIST_FILE = "AccessToInsight_Universal-Info.plist";
				IPHONEOS_DEPLOYMENT_TARGET = 9.0;
				PRODUCT_BUNDLE_IDENTIFIER = com.appmagination.iphone.accesstoinsight;
				PRODUCT_NAME = AccessToInsight;
				PROVISIONING_PROFILE = "";
				VALIDATE_PRODUCT = YES;
			};
			name = Release;
		};
		C01FCF4F08A954540054247B /* Debug */ = {
			isa = XCBuildConfiguration;
			buildSettings = {
				CLANG_ANALYZER_LOCALIZABILITY_NONLOCALIZED = YES;
				CLANG_WARN_BLOCK_CAPTURE_AUTORELEASING = YES;
				CLANG_WARN_BOOL_CONVERSION = YES;
				CLANG_WARN_COMMA = YES;
				CLANG_WARN_CONSTANT_CONVERSION = YES;
				CLANG_WARN_DEPRECATED_OBJC_IMPLEMENTATIONS = YES;
				CLANG_WARN_EMPTY_BODY = YES;
				CLANG_WARN_ENUM_CONVERSION = YES;
				CLANG_WARN_INFINITE_RECURSION = YES;
				CLANG_WARN_INT_CONVERSION = YES;
				CLANG_WARN_NON_LITERAL_NULL_CONVERSION = YES;
				CLANG_WARN_OBJC_IMPLICIT_RETAIN_SELF = YES;
				CLANG_WARN_OBJC_LITERAL_CONVERSION = YES;
				CLANG_WARN_RANGE_LOOP_ANALYSIS = YES;
				CLANG_WARN_STRICT_PROTOTYPES = YES;
				CLANG_WARN_SUSPICIOUS_MOVE = YES;
				CLANG_WARN_UNREACHABLE_CODE = YES;
				CLANG_WARN__DUPLICATE_METHOD_MATCH = YES;
				"CODE_SIGN_IDENTITY[sdk=iphoneos*]" = "iPhone Developer";
				ENABLE_STRICT_OBJC_MSGSEND = YES;
				ENABLE_TESTABILITY = YES;
				GCC_C_LANGUAGE_STANDARD = c99;
				GCC_NO_COMMON_BLOCKS = YES;
				GCC_WARN_64_TO_32_BIT_CONVERSION = YES;
				GCC_WARN_ABOUT_RETURN_TYPE = YES;
				GCC_WARN_UNDECLARED_SELECTOR = YES;
				GCC_WARN_UNINITIALIZED_AUTOS = YES;
				GCC_WARN_UNUSED_FUNCTION = YES;
				GCC_WARN_UNUSED_VARIABLE = YES;
				IPHONEOS_DEPLOYMENT_TARGET = 9.0;
				ONLY_ACTIVE_ARCH = YES;
				SDKROOT = iphoneos;
				TARGETED_DEVICE_FAMILY = "1,2";
			};
			name = Debug;
		};
		C01FCF5008A954540054247B /* Release */ = {
			isa = XCBuildConfiguration;
			buildSettings = {
				CLANG_ANALYZER_LOCALIZABILITY_NONLOCALIZED = YES;
				CLANG_WARN_BLOCK_CAPTURE_AUTORELEASING = YES;
				CLANG_WARN_BOOL_CONVERSION = YES;
				CLANG_WARN_COMMA = YES;
				CLANG_WARN_CONSTANT_CONVERSION = YES;
				CLANG_WARN_DEPRECATED_OBJC_IMPLEMENTATIONS = YES;
				CLANG_WARN_EMPTY_BODY = YES;
				CLANG_WARN_ENUM_CONVERSION = YES;
				CLANG_WARN_INFINITE_RECURSION = YES;
				CLANG_WARN_INT_CONVERSION = YES;
				CLANG_WARN_NON_LITERAL_NULL_CONVERSION = YES;
				CLANG_WARN_OBJC_IMPLICIT_RETAIN_SELF = YES;
				CLANG_WARN_OBJC_LITERAL_CONVERSION = YES;
				CLANG_WARN_RANGE_LOOP_ANALYSIS = YES;
				CLANG_WARN_STRICT_PROTOTYPES = YES;
				CLANG_WARN_SUSPICIOUS_MOVE = YES;
				CLANG_WARN_UNREACHABLE_CODE = YES;
				CLANG_WARN__DUPLICATE_METHOD_MATCH = YES;
				"CODE_SIGN_IDENTITY[sdk=iphoneos*]" = "iPhone Distribution";
				ENABLE_STRICT_OBJC_MSGSEND = YES;
				GCC_C_LANGUAGE_STANDARD = c99;
				GCC_NO_COMMON_BLOCKS = YES;
				GCC_WARN_64_TO_32_BIT_CONVERSION = YES;
				GCC_WARN_ABOUT_RETURN_TYPE = YES;
				GCC_WARN_UNDECLARED_SELECTOR = YES;
				GCC_WARN_UNINITIALIZED_AUTOS = YES;
				GCC_WARN_UNUSED_FUNCTION = YES;
				GCC_WARN_UNUSED_VARIABLE = YES;
				IPHONEOS_DEPLOYMENT_TARGET = 9.0;
				OTHER_CFLAGS = "-DNS_BLOCK_ASSERTIONS=1";
				"PROVISIONING_PROFILE[sdk=iphoneos*]" = "";
				SDKROOT = iphoneos;
				TARGETED_DEVICE_FAMILY = "1,2";
				VALIDATE_PRODUCT = YES;
			};
			name = Release;
		};
/* End XCBuildConfiguration section */

/* Begin XCConfigurationList section */
		0AE3F9B11257D18B000C2097 /* Build configuration list for PBXAggregateTarget "IPA" */ = {
			isa = XCConfigurationList;
			buildConfigurations = (
				0AE3F9A01257D154000C2097 /* Debug */,
				0AE3F9A11257D154000C2097 /* Release */,
				0AE303911257D619000C2097 /* App Store */,
			);
			defaultConfigurationIsVisible = 0;
			defaultConfigurationName = Release;
		};
		1D6058960D05DD3E006BFB54 /* Build configuration list for PBXNativeTarget "AccessToInsight" */ = {
			isa = XCConfigurationList;
			buildConfigurations = (
				1D6058940D05DD3E006BFB54 /* Debug */,
				1D6058950D05DD3E006BFB54 /* Release */,
				0AE303901257D619000C2097 /* App Store */,
			);
			defaultConfigurationIsVisible = 0;
			defaultConfigurationName = Release;
		};
		C01FCF4E08A954540054247B /* Build configuration list for PBXProject "AccessToInsight" */ = {
			isa = XCConfigurationList;
			buildConfigurations = (
				C01FCF4F08A954540054247B /* Debug */,
				C01FCF5008A954540054247B /* Release */,
				0AE3038F1257D619000C2097 /* App Store */,
			);
			defaultConfigurationIsVisible = 0;
			defaultConfigurationName = Release;
		};
/* End XCConfigurationList section */
	};
	rootObject = 29B97313FDCFA39411CA2CEA /* Project object */;
}
